
Microsoft Visual Studio Solution File, Format Version 12.00
# Visual Studio Version 17
VisualStudioVersion = 17.14.36429.23
MinimumVisualStudioVersion = 10.0.40219.1
Project("{8BC9CEB8-8B4A-11D0-8D11-00A0C91BC942}") = "Task1", "Task1\Task1.vcxproj", "{296AC7E7-4F88-4635-A93B-39E12F8A46B1}"
EndProject
Project("{8BC9CEB8-8B4A-11D0-8D11-00A0C91BC942}") = "Task2", "Task2\Task2.vcxproj", "{70A7C4C0-1604-4964-8DD8-3C28C68CA7FF}"
EndProject
Project("{8BC9CEB8-8B4A-11D0-8D11-00A0C91BC942}") = "Task3", "Task3\Task3.vcxproj", "{A829A283-AA40-4D67-9022-80B343019E00}"
EndProject
Project("{8BC9CEB8-8B4A-11D0-8D11-00A0C91BC942}") = "Task4", "Task4\Task4.vcxproj", "{4BE27738-171A-4E48-B416-AD87D66BC4B3}"
EndProject
Project("{8BC9CEB8-8B4A-11D0-8D11-00A0C91BC942}") = "Task5", "Task5\Task5.vcxproj", "{CC32B8C6-89D3-4859-BA6F-BA555245C495}"
EndProject
Project("{8BC9CEB8-8B4A-11D0-8D11-00A0C91BC942}") = "Task6", "Task6\Task6.vcxproj", "{6AA27257-A519-462B-8CED-9D514EDA6316}"
EndProject
Project("{8BC9CEB8-8B4A-11D0-8D11-00A0C91BC942}") = "Task7", "Task7\Task7.vcxproj", "{29CDDFF2-723C-44C8-AEAE-AF6805E589BF}"
EndProject
Project("{8BC9CEB8-8B4A-11D0-8D11-00A0C91BC942}") = "Task8", "Task8\Task8.vcxproj", "{CC5D8F38-B16A-4B3D-A1E4-ACEC4B346BD9}"
EndProject
Project("{8BC9CEB8-8B4A-11D0-8D11-00A0C91BC942}") = "Task9", "Task9\Task9.vcxproj", "{A6B0AE47-5548-4A54-BE60-E53F0D05FD20}"
EndProject
Project("{8BC9CEB8-8B4A-11D0-8D11-00A0C91BC942}") = "Task10", "Task10\Task10.vcxproj", "{99533B18-F8A3-4D22-B858-47322175F40F}"
EndProject
Project("{8BC9CEB8-8B4A-11D0-8D11-00A0C91BC942}") = "Task11", "Task11\Task11.vcxproj", "{E70037E1-271F-48EF-8968-1D90CEED05EC}"
EndProject
Project("{8BC9CEB8-8B4A-11D0-8D11-00A0C91BC942}") = "Task12", "Task12\Task12.vcxproj", "{C39BAA63-1374-4F20-97A6-193D07FD00D4}"
EndProject
Project("{8BC9CEB8-8B4A-11D0-8D11-00A0C91BC942}") = "Task13", "Task13\Task13.vcxproj", "{7C582524-16BF-47AC-AAC6-35E1D39940EF}"
EndProject
Project("{8BC9CEB8-8B4A-11D0-8D11-00A0C91BC942}") = "Task14", "Task14\Task14.vcxproj", "{9359B193-1ED2-497F-B6C1-2A7F41ECBD6B}"
EndProject
Project("{8BC9CEB8-8B4A-11D0-8D11-00A0C91BC942}") = "Task15", "Task15\Task15.vcxproj", "{ABE41435-8314-4C0E-8842-61EBF0826E42}"
EndProject
Project("{8BC9CEB8-8B4A-11D0-8D11-00A0C91BC942}") = "Task16", "Task16\Task16.vcxproj", "{CC598BBF-D4F4-4421-BD9F-ED3C7BBBCD84}"
EndProject
Project("{8BC9CEB8-8B4A-11D0-8D11-00A0C91BC942}") = "Task17", "Task17\Task17.vcxproj", "{4622D323-14E0-4E9F-AAFE-247D0B1ED1FA}"
EndProject
Project("{8BC9CEB8-8B4A-11D0-8D11-00A0C91BC942}") = "Task18", "Task18\Task18.vcxproj", "{08E399C3-1061-4981-977F-67031B176FF0}"
EndProject
Project("{8BC9CEB8-8B4A-11D0-8D11-00A0C91BC942}") = "Task19", "Task19\Task19.vcxproj", "{E80FCF38-32FE-460B-B5A7-9F7776298296}"
EndProject
Project("{8BC9CEB8-8B4A-11D0-8D11-00A0C91BC942}") = "Task20", "Task20\Task20.vcxproj", "{9385AF5A-01A5-4B8A-A3BD-FEC2774D5336}"
EndProject
Global
	GlobalSection(SolutionConfigurationPlatforms) = preSolution
		Debug|x64 = Debug|x64
		Debug|x86 = Debug|x86
		Release|x64 = Release|x64
		Release|x86 = Release|x86
	EndGlobalSection
	GlobalSection(ProjectConfigurationPlatforms) = postSolution
		{296AC7E7-4F88-4635-A93B-39E12F8A46B1}.Debug|x64.ActiveCfg = Debug|x64
		{296AC7E7-4F88-4635-A93B-39E12F8A46B1}.Debug|x64.Build.0 = Debug|x64
		{296AC7E7-4F88-4635-A93B-39E12F8A46B1}.Debug|x86.ActiveCfg = Debug|Win32
		{296AC7E7-4F88-4635-A93B-39E12F8A46B1}.Debug|x86.Build.0 = Debug|Win32
		{296AC7E7-4F88-4635-A93B-39E12F8A46B1}.Release|x64.ActiveCfg = Release|x64
		{296AC7E7-4F88-4635-A93B-39E12F8A46B1}.Release|x64.Build.0 = Release|x64
		{296AC7E7-4F88-4635-A93B-39E12F8A46B1}.Release|x86.ActiveCfg = Release|Win32
		{296AC7E7-4F88-4635-A93B-39E12F8A46B1}.Release|x86.Build.0 = Release|Win32
		{70A7C4C0-1604-4964-8DD8-3C28C68CA7FF}.Debug|x64.ActiveCfg = Debug|x64
		{70A7C4C0-1604-4964-8DD8-3C28C68CA7FF}.Debug|x64.Build.0 = Debug|x64
		{70A7C4C0-1604-4964-8DD8-3C28C68CA7FF}.Debug|x86.ActiveCfg = Debug|Win32
		{70A7C4C0-1604-4964-8DD8-3C28C68CA7FF}.Debug|x86.Build.0 = Debug|Win32
		{70A7C4C0-1604-4964-8DD8-3C28C68CA7FF}.Release|x64.ActiveCfg = Release|x64
		{70A7C4C0-1604-4964-8DD8-3C28C68CA7FF}.Release|x64.Build.0 = Release|x64
		{70A7C4C0-1604-4964-8DD8-3C28C68CA7FF}.Release|x86.ActiveCfg = Release|Win32
		{70A7C4C0-1604-4964-8DD8-3C28C68CA7FF}.Release|x86.Build.0 = Release|Win32
		{A829A283-AA40-4D67-9022-80B343019E00}.Debug|x64.ActiveCfg = Debug|x64
		{A829A283-AA40-4D67-9022-80B343019E00}.Debug|x64.Build.0 = Debug|x64
		{A829A283-AA40-4D67-9022-80B343019E00}.Debug|x86.ActiveCfg = Debug|Win32
		{A829A283-AA40-4D67-9022-80B343019E00}.Debug|x86.Build.0 = Debug|Win32
		{A829A283-AA40-4D67-9022-80B343019E00}.Release|x64.ActiveCfg = Release|x64
		{A829A283-AA40-4D67-9022-80B343019E00}.Release|x64.Build.0 = Release|x64
		{A829A283-AA40-4D67-9022-80B343019E00}.Release|x86.ActiveCfg = Release|Win32
		{A829A283-AA40-4D67-9022-80B343019E00}.Release|x86.Build.0 = Release|Win32
		{4BE27738-171A-4E48-B416-AD87D66BC4B3}.Debug|x64.ActiveCfg = Debug|x64
		{4BE27738-171A-4E48-B416-AD87D66BC4B3}.Debug|x64.Build.0 = Debug|x64
		{4BE27738-171A-4E48-B416-AD87D66BC4B3}.Debug|x86.ActiveCfg = Debug|Win32
		{4BE27738-171A-4E48-B416-AD87D66BC4B3}.Debug|x86.Build.0 = Debug|Win32
		{4BE27738-171A-4E48-B416-AD87D66BC4B3}.Release|x64.ActiveCfg = Release|x64
		{4BE27738-171A-4E48-B416-AD87D66BC4B3}.Release|x64.Build.0 = Release|x64
		{4BE27738-171A-4E48-B416-AD87D66BC4B3}.Release|x86.ActiveCfg = Release|Win32
		{4BE27738-171A-4E48-B416-AD87D66BC4B3}.Release|x86.Build.0 = Release|Win32
		{CC32B8C6-89D3-4859-BA6F-BA555245C495}.Debug|x64.ActiveCfg = Debug|x64
		{CC32B8C6-89D3-4859-BA6F-BA555245C495}.Debug|x64.Build.0 = Debug|x64
		{CC32B8C6-89D3-4859-BA6F-BA555245C495}.Debug|x86.ActiveCfg = Debug|Win32
		{CC32B8C6-89D3-4859-BA6F-BA555245C495}.Debug|x86.Build.0 = Debug|Win32
		{CC32B8C6-89D3-4859-BA6F-BA555245C495}.Release|x64.ActiveCfg = Release|x64
		{CC32B8C6-89D3-4859-BA6F-BA555245C495}.Release|x64.Build.0 = Release|x64
		{CC32B8C6-89D3-4859-BA6F-BA555245C495}.Release|x86.ActiveCfg = Release|Win32
		{CC32B8C6-89D3-4859-BA6F-BA555245C495}.Release|x86.Build.0 = Release|Win32
		{6AA27257-A519-462B-8CED-9D514EDA6316}.Debug|x64.ActiveCfg = Debug|x64
		{6AA27257-A519-462B-8CED-9D514EDA6316}.Debug|x64.Build.0 = Debug|x64
		{6AA27257-A519-462B-8CED-9D514EDA6316}.Debug|x86.ActiveCfg = Debug|Win32
		{6AA27257-A519-462B-8CED-9D514EDA6316}.Debug|x86.Build.0 = Debug|Win32
		{6AA27257-A519-462B-8CED-9D514EDA6316}.Release|x64.ActiveCfg = Release|x64
		{6AA27257-A519-462B-8CED-9D514EDA6316}.Release|x64.Build.0 = Release|x64
		{6AA27257-A519-462B-8CED-9D514EDA6316}.Release|x86.ActiveCfg = Release|Win32
		{6AA27257-A519-462B-8CED-9D514EDA6316}.Release|x86.Build.0 = Release|Win32
		{29CDDFF2-723C-44C8-AEAE-AF6805E589BF}.Debug|x64.ActiveCfg = Debug|x64
		{29CDDFF2-723C-44C8-AEAE-AF6805E589BF}.Debug|x64.Build.0 = Debug|x64
		{29CDDFF2-723C-44C8-AEAE-AF6805E589BF}.Debug|x86.ActiveCfg = Debug|Win32
		{29CDDFF2-723C-44C8-AEAE-AF6805E589BF}.Debug|x86.Build.0 = Debug|Win32
		{29CDDFF2-723C-44C8-AEAE-AF6805E589BF}.Release|x64.ActiveCfg = Release|x64
		{29CDDFF2-723C-44C8-AEAE-AF6805E589BF}.Release|x64.Build.0 = Release|x64
		{29CDDFF2-723C-44C8-AEAE-AF6805E589BF}.Release|x86.ActiveCfg = Release|Win32
		{29CDDFF2-723C-44C8-AEAE-AF6805E589BF}.Release|x86.Build.0 = Release|Win32
		{CC5D8F38-B16A-4B3D-A1E4-ACEC4B346BD9}.Debug|x64.ActiveCfg = Debug|x64
		{CC5D8F38-B16A-4B3D-A1E4-ACEC4B346BD9}.Debug|x64.Build.0 = Debug|x64
		{CC5D8F38-B16A-4B3D-A1E4-ACEC4B346BD9}.Debug|x86.ActiveCfg = Debug|Win32
		{CC5D8F38-B16A-4B3D-A1E4-ACEC4B346BD9}.Debug|x86.Build.0 = Debug|Win32
		{CC5D8F38-B16A-4B3D-A1E4-ACEC4B346BD9}.Release|x64.ActiveCfg = Release|x64
		{CC5D8F38-B16A-4B3D-A1E4-ACEC4B346BD9}.Release|x64.Build.0 = Release|x64
		{CC5D8F38-B16A-4B3D-A1E4-ACEC4B346BD9}.Release|x86.ActiveCfg = Release|Win32
		{CC5D8F38-B16A-4B3D-A1E4-ACEC4B346BD9}.Release|x86.Build.0 = Release|Win32
		{A6B0AE47-5548-4A54-BE60-E53F0D05FD20}.Debug|x64.ActiveCfg = Debug|x64
		{A6B0AE47-5548-4A54-BE60-E53F0D05FD20}.Debug|x64.Build.0 = Debug|x64
		{A6B0AE47-5548-4A54-BE60-E53F0D05FD20}.Debug|x86.ActiveCfg = Debug|Win32
		{A6B0AE47-5548-4A54-BE60-E53F0D05FD20}.Debug|x86.Build.0 = Debug|Win32
		{A6B0AE47-5548-4A54-BE60-E53F0D05FD20}.Release|x64.ActiveCfg = Release|x64
		{A6B0AE47-5548-4A54-BE60-E53F0D05FD20}.Release|x64.Build.0 = Release|x64
		{A6B0AE47-5548-4A54-BE60-E53F0D05FD20}.Release|x86.ActiveCfg = Release|Win32
		{A6B0AE47-5548-4A54-BE60-E53F0D05FD20}.Release|x86.Build.0 = Release|Win32
		{99533B18-F8A3-4D22-B858-47322175F40F}.Debug|x64.ActiveCfg = Debug|x64
		{99533B18-F8A3-4D22-B858-47322175F40F}.Debug|x64.Build.0 = Debug|x64
		{99533B18-F8A3-4D22-B858-47322175F40F}.Debug|x86.ActiveCfg = Debug|Win32
		{99533B18-F8A3-4D22-B858-47322175F40F}.Debug|x86.Build.0 = Debug|Win32
		{99533B18-F8A3-4D22-B858-47322175F40F}.Release|x64.ActiveCfg = Release|x64
		{99533B18-F8A3-4D22-B858-47322175F40F}.Release|x64.Build.0 = Release|x64
		{99533B18-F8A3-4D22-B858-47322175F40F}.Release|x86.ActiveCfg = Release|Win32
		{99533B18-F8A3-4D22-B858-47322175F40F}.Release|x86.Build.0 = Release|Win32
		{E70037E1-271F-48EF-8968-1D90CEED05EC}.Debug|x64.ActiveCfg = Debug|x64
		{E70037E1-271F-48EF-8968-1D90CEED05EC}.Debug|x64.Build.0 = Debug|x64
		{E70037E1-271F-48EF-8968-1D90CEED05EC}.Debug|x86.ActiveCfg = Debug|Win32
		{E70037E1-271F-48EF-8968-1D90CEED05EC}.Debug|x86.Build.0 = Debug|Win32
		{E70037E1-271F-48EF-8968-1D90CEED05EC}.Release|x64.ActiveCfg = Release|x64
		{E70037E1-271F-48EF-8968-1D90CEED05EC}.Release|x64.Build.0 = Release|x64
		{E70037E1-271F-48EF-8968-1D90CEED05EC}.Release|x86.ActiveCfg = Release|Win32
		{E70037E1-271F-48EF-8968-1D90CEED05EC}.Release|x86.Build.0 = Release|Win32
		{C39BAA63-1374-4F20-97A6-193D07FD00D4}.Debug|x64.ActiveCfg = Debug|x64
		{C39BAA63-1374-4F20-97A6-193D07FD00D4}.Debug|x64.Build.0 = Debug|x64
		{C39BAA63-1374-4F20-97A6-193D07FD00D4}.Debug|x86.ActiveCfg = Debug|Win32
		{C39BAA63-1374-4F20-97A6-193D07FD00D4}.Debug|x86.Build.0 = Debug|Win32
		{C39BAA63-1374-4F20-97A6-193D07FD00D4}.Release|x64.ActiveCfg = Release|x64
		{C39BAA63-1374-4F20-97A6-193D07FD00D4}.Release|x64.Build.0 = Release|x64
		{C39BAA63-1374-4F20-97A6-193D07FD00D4}.Release|x86.ActiveCfg = Release|Win32
		{C39BAA63-1374-4F20-97A6-193D07FD00D4}.Release|x86.Build.0 = Release|Win32
		{7C582524-16BF-47AC-AAC6-35E1D39940EF}.Debug|x64.ActiveCfg = Debug|x64
		{7C582524-16BF-47AC-AAC6-35E1D39940EF}.Debug|x64.Build.0 = Debug|x64
		{7C582524-16BF-47AC-AAC6-35E1D39940EF}.Debug|x86.ActiveCfg = Debug|Win32
		{7C582524-16BF-47AC-AAC6-35E1D39940EF}.Debug|x86.Build.0 = Debug|Win32
		{7C582524-16BF-47AC-AAC6-35E1D39940EF}.Release|x64.ActiveCfg = Release|x64
		{7C582524-16BF-47AC-AAC6-35E1D39940EF}.Release|x64.Build.0 = Release|x64
		{7C582524-16BF-47AC-AAC6-35E1D39940EF}.Release|x86.ActiveCfg = Release|Win32
		{7C582524-16BF-47AC-AAC6-35E1D39940EF}.Release|x86.Build.0 = Release|Win32
		{9359B193-1ED2-497F-B6C1-2A7F41ECBD6B}.Debug|x64.ActiveCfg = Debug|x64
		{9359B193-1ED2-497F-B6C1-2A7F41ECBD6B}.Debug|x64.Build.0 = Debug|x64
		{9359B193-1ED2-497F-B6C1-2A7F41ECBD6B}.Debug|x86.ActiveCfg = Debug|Win32
		{9359B193-1ED2-497F-B6C1-2A7F41ECBD6B}.Debug|x86.Build.0 = Debug|Win32
		{9359B193-1ED2-497F-B6C1-2A7F41ECBD6B}.Release|x64.ActiveCfg = Release|x64
		{9359B193-1ED2-497F-B6C1-2A7F41ECBD6B}.Release|x64.Build.0 = Release|x64
		{9359B193-1ED2-497F-B6C1-2A7F41ECBD6B}.Release|x86.ActiveCfg = Release|Win32
		{9359B193-1ED2-497F-B6C1-2A7F41ECBD6B}.Release|x86.Build.0 = Release|Win32
		{ABE41435-8314-4C0E-8842-61EBF0826E42}.Debug|x64.ActiveCfg = Debug|x64
		{ABE41435-8314-4C0E-8842-61EBF0826E42}.Debug|x64.Build.0 = Debug|x64
		{ABE41435-8314-4C0E-8842-61EBF0826E42}.Debug|x86.ActiveCfg = Debug|Win32
		{ABE41435-8314-4C0E-8842-61EBF0826E42}.Debug|x86.Build.0 = Debug|Win32
		{ABE41435-8314-4C0E-8842-61EBF0826E42}.Release|x64.ActiveCfg = Release|x64
		{ABE41435-8314-4C0E-8842-61EBF0826E42}.Release|x64.Build.0 = Release|x64
		{ABE41435-8314-4C0E-8842-61EBF0826E42}.Release|x86.ActiveCfg = Release|Win32
		{ABE41435-8314-4C0E-8842-61EBF0826E42}.Release|x86.Build.0 = Release|Win32
		{CC598BBF-D4F4-4421-BD9F-ED3C7BBBCD84}.Debug|x64.ActiveCfg = Debug|x64
		{CC598BBF-D4F4-4421-BD9F-ED3C7BBBCD84}.Debug|x64.Build.0 = Debug|x64
		{CC598BBF-D4F4-4421-BD9F-ED3C7BBBCD84}.Debug|x86.ActiveCfg = Debug|Win32
		{CC598BBF-D4F4-4421-BD9F-ED3C7BBBCD84}.Debug|x86.Build.0 = Debug|Win32
		{CC598BBF-D4F4-4421-BD9F-ED3C7BBBCD84}.Release|x64.ActiveCfg = Release|x64
		{CC598BBF-D4F4-4421-BD9F-ED3C7BBBCD84}.Release|x64.Build.0 = Release|x64
		{CC598BBF-D4F4-4421-BD9F-ED3C7BBBCD84}.Release|x86.ActiveCfg = Release|Win32
		{CC598BBF-D4F4-4421-BD9F-ED3C7BBBCD84}.Release|x86.Build.0 = Release|Win32
		{4622D323-14E0-4E9F-AAFE-247D0B1ED1FA}.Debug|x64.ActiveCfg = Debug|x64
		{4622D323-14E0-4E9F-AAFE-247D0B1ED1FA}.Debug|x64.Build.0 = Debug|x64
		{4622D323-14E0-4E9F-AAFE-247D0B1ED1FA}.Debug|x86.ActiveCfg = Debug|Win32
		{4622D323-14E0-4E9F-AAFE-247D0B1ED1FA}.Debug|x86.Build.0 = Debug|Win32
		{4622D323-14E0-4E9F-AAFE-247D0B1ED1FA}.Release|x64.ActiveCfg = Release|x64
		{4622D323-14E0-4E9F-AAFE-247D0B1ED1FA}.Release|x64.Build.0 = Release|x64
		{4622D323-14E0-4E9F-AAFE-247D0B1ED1FA}.Release|x86.ActiveCfg = Release|Win32
		{4622D323-14E0-4E9F-AAFE-247D0B1ED1FA}.Release|x86.Build.0 = Release|Win32
		{08E399C3-1061-4981-977F-67031B176FF0}.Debug|x64.ActiveCfg = Debug|x64
		{08E399C3-1061-4981-977F-67031B176FF0}.Debug|x64.Build.0 = Debug|x64
		{08E399C3-1061-4981-977F-67031B176FF0}.Debug|x86.ActiveCfg = Debug|Win32
		{08E399C3-1061-4981-977F-67031B176FF0}.Debug|x86.Build.0 = Debug|Win32
		{08E399C3-1061-4981-977F-67031B176FF0}.Release|x64.ActiveCfg = Release|x64
		{08E399C3-1061-4981-977F-67031B176FF0}.Release|x64.Build.0 = Release|x64
		{08E399C3-1061-4981-977F-67031B176FF0}.Release|x86.ActiveCfg = Release|Win32
		{08E399C3-1061-4981-977F-67031B176FF0}.Release|x86.Build.0 = Release|Win32
		{E80FCF38-32FE-460B-B5A7-9F7776298296}.Debug|x64.ActiveCfg = Debug|x64
		{E80FCF38-32FE-460B-B5A7-9F7776298296}.Debug|x64.Build.0 = Debug|x64
		{E80FCF38-32FE-460B-B5A7-9F7776298296}.Debug|x86.ActiveCfg = Debug|Win32
		{E80FCF38-32FE-460B-B5A7-9F7776298296}.Debug|x86.Build.0 = Debug|Win32
		{E80FCF38-32FE-460B-B5A7-9F7776298296}.Release|x64.ActiveCfg = Release|x64
		{E80FCF38-32FE-460B-B5A7-9F7776298296}.Release|x64.Build.0 = Release|x64
		{E80FCF38-32FE-460B-B5A7-9F7776298296}.Release|x86.ActiveCfg = Release|Win32
		{E80FCF38-32FE-460B-B5A7-9F7776298296}.Release|x86.Build.0 = Release|Win32
		{9385AF5A-01A5-4B8A-A3BD-FEC2774D5336}.Debug|x64.ActiveCfg = Debug|x64
		{9385AF5A-01A5-4B8A-A3BD-FEC2774D5336}.Debug|x64.Build.0 = Debug|x64
		{9385AF5A-01A5-4B8A-A3BD-FEC2774D5336}.Debug|x86.ActiveCfg = Debug|Win32
		{9385AF5A-01A5-4B8A-A3BD-FEC2774D5336}.Debug|x86.Build.0 = Debug|Win32
		{9385AF5A-01A5-4B8A-A3BD-FEC2774D5336}.Release|x64.ActiveCfg = Release|x64
		{9385AF5A-01A5-4B8A-A3BD-FEC2774D5336}.Release|x64.Build.0 = Release|x64
		{9385AF5A-01A5-4B8A-A3BD-FEC2774D5336}.Release|x86.ActiveCfg = Release|Win32
		{9385AF5A-01A5-4B8A-A3BD-FEC2774D5336}.Release|x86.Build.0 = Release|Win32
	EndGlobalSection
	GlobalSection(SolutionProperties) = preSolution
		HideSolutionNode = FALSE
	EndGlobalSection
	GlobalSection(ExtensibilityGlobals) = postSolution
		SolutionGuid = {50A8D566-8FF0-4A2F-BA34-AC0D59200FEE}
	EndGlobalSection
EndGlobal
