
Microsoft Visual Studio Solution File, Format Version 12.00
# Visual Studio Version 18
VisualStudioVersion = 18.1.11312.151
MinimumVisualStudioVersion = 10.0.40219.1
Project("{8BC9CEB8-8B4A-11D0-8D11-00A0C91BC942}") = "Task1", "Task1\Task1.vcxproj", "{A8D5BD75-A448-445B-B7D3-C46926A76390}"
EndProject
Project("{8BC9CEB8-8B4A-11D0-8D11-00A0C91BC942}") = "Task2", "Task2\Task2.vcxproj", "{69193588-8F30-4595-9287-076796EDDDCD}"
EndProject
Project("{8BC9CEB8-8B4A-11D0-8D11-00A0C91BC942}") = "Task3", "Task3\Task3.vcxproj", "{213DA340-8709-4CC8-8C77-A6AD32F8CEF3}"
EndProject
Project("{8BC9CEB8-8B4A-11D0-8D11-00A0C91BC942}") = "Task4", "Task4\Task4.vcxproj", "{20389E3D-7689-4F23-9723-6241AA313CDF}"
EndProject
Project("{8BC9CEB8-8B4A-11D0-8D11-00A0C91BC942}") = "Task5", "Task5\Task5.vcxproj", "{D667CDDA-2F78-42FD-92A6-2CC09108B184}"
EndProject
Project("{8BC9CEB8-8B4A-11D0-8D11-00A0C91BC942}") = "Task6", "Task6\Task6.vcxproj", "{3A95639B-6DAD-4EBB-A724-187014D6E733}"
EndProject
Project("{8BC9CEB8-8B4A-11D0-8D11-00A0C91BC942}") = "Task7", "Task\Task.vcxproj", "{20E280DD-F7F4-4E35-8B6E-2847AB4B087F}"
EndProject
Project("{8BC9CEB8-8B4A-11D0-8D11-00A0C91BC942}") = "Task8", "Task8\Task8.vcxproj", "{9F61BFC9-BA85-4C19-8DC8-494EE2EE57B5}"
EndProject
Global
	GlobalSection(SolutionConfigurationPlatforms) = preSolution
		Debug|x64 = Debug|x64
		Debug|x86 = Debug|x86
		Release|x64 = Release|x64
		Release|x86 = Release|x86
	EndGlobalSection
	GlobalSection(ProjectConfigurationPlatforms) = postSolution
		{A8D5BD75-A448-445B-B7D3-C46926A76390}.Debug|x64.ActiveCfg = Debug|x64
		{A8D5BD75-A448-445B-B7D3-C46926A76390}.Debug|x64.Build.0 = Debug|x64
		{A8D5BD75-A448-445B-B7D3-C46926A76390}.Debug|x86.ActiveCfg = Debug|Win32
		{A8D5BD75-A448-445B-B7D3-C46926A76390}.Debug|x86.Build.0 = Debug|Win32
		{A8D5BD75-A448-445B-B7D3-C46926A76390}.Release|x64.ActiveCfg = Release|x64
		{A8D5BD75-A448-445B-B7D3-C46926A76390}.Release|x64.Build.0 = Release|x64
		{A8D5BD75-A448-445B-B7D3-C46926A76390}.Release|x86.ActiveCfg = Release|Win32
		{A8D5BD75-A448-445B-B7D3-C46926A76390}.Release|x86.Build.0 = Release|Win32
		{69193588-8F30-4595-9287-076796EDDDCD}.Debug|x64.ActiveCfg = Debug|x64
		{69193588-8F30-4595-9287-076796EDDDCD}.Debug|x64.Build.0 = Debug|x64
		{69193588-8F30-4595-9287-076796EDDDCD}.Debug|x86.ActiveCfg = Debug|Win32
		{69193588-8F30-4595-9287-076796EDDDCD}.Debug|x86.Build.0 = Debug|Win32
		{69193588-8F30-4595-9287-076796EDDDCD}.Release|x64.ActiveCfg = Release|x64
		{69193588-8F30-4595-9287-076796EDDDCD}.Release|x64.Build.0 = Release|x64
		{69193588-8F30-4595-9287-076796EDDDCD}.Release|x86.ActiveCfg = Release|Win32
		{69193588-8F30-4595-9287-076796EDDDCD}.Release|x86.Build.0 = Release|Win32
		{213DA340-8709-4CC8-8C77-A6AD32F8CEF3}.Debug|x64.ActiveCfg = Debug|x64
		{213DA340-8709-4CC8-8C77-A6AD32F8CEF3}.Debug|x64.Build.0 = Debug|x64
		{213DA340-8709-4CC8-8C77-A6AD32F8CEF3}.Debug|x86.ActiveCfg = Debug|Win32
		{213DA340-8709-4CC8-8C77-A6AD32F8CEF3}.Debug|x86.Build.0 = Debug|Win32
		{213DA340-8709-4CC8-8C77-A6AD32F8CEF3}.Release|x64.ActiveCfg = Release|x64
		{213DA340-8709-4CC8-8C77-A6AD32F8CEF3}.Release|x64.Build.0 = Release|x64
		{213DA340-8709-4CC8-8C77-A6AD32F8CEF3}.Release|x86.ActiveCfg = Release|Win32
		{213DA340-8709-4CC8-8C77-A6AD32F8CEF3}.Release|x86.Build.0 = Release|Win32
		{20389E3D-7689-4F23-9723-6241AA313CDF}.Debug|x64.ActiveCfg = Debug|x64
		{20389E3D-7689-4F23-9723-6241AA313CDF}.Debug|x64.Build.0 = Debug|x64
		{20389E3D-7689-4F23-9723-6241AA313CDF}.Debug|x86.ActiveCfg = Debug|Win32
		{20389E3D-7689-4F23-9723-6241AA313CDF}.Debug|x86.Build.0 = Debug|Win32
		{20389E3D-7689-4F23-9723-6241AA313CDF}.Release|x64.ActiveCfg = Release|x64
		{20389E3D-7689-4F23-9723-6241AA313CDF}.Release|x64.Build.0 = Release|x64
		{20389E3D-7689-4F23-9723-6241AA313CDF}.Release|x86.ActiveCfg = Release|Win32
		{20389E3D-7689-4F23-9723-6241AA313CDF}.Release|x86.Build.0 = Release|Win32
		{D667CDDA-2F78-42FD-92A6-2CC09108B184}.Debug|x64.ActiveCfg = Debug|x64
		{D667CDDA-2F78-42FD-92A6-2CC09108B184}.Debug|x64.Build.0 = Debug|x64
		{D667CDDA-2F78-42FD-92A6-2CC09108B184}.Debug|x86.ActiveCfg = Debug|Win32
		{D667CDDA-2F78-42FD-92A6-2CC09108B184}.Debug|x86.Build.0 = Debug|Win32
		{D667CDDA-2F78-42FD-92A6-2CC09108B184}.Release|x64.ActiveCfg = Release|x64
		{D667CDDA-2F78-42FD-92A6-2CC09108B184}.Release|x64.Build.0 = Release|x64
		{D667CDDA-2F78-42FD-92A6-2CC09108B184}.Release|x86.ActiveCfg = Release|Win32
		{D667CDDA-2F78-42FD-92A6-2CC09108B184}.Release|x86.Build.0 = Release|Win32
		{3A95639B-6DAD-4EBB-A724-187014D6E733}.Debug|x64.ActiveCfg = Debug|x64
		{3A95639B-6DAD-4EBB-A724-187014D6E733}.Debug|x64.Build.0 = Debug|x64
		{3A95639B-6DAD-4EBB-A724-187014D6E733}.Debug|x86.ActiveCfg = Debug|Win32
		{3A95639B-6DAD-4EBB-A724-187014D6E733}.Debug|x86.Build.0 = Debug|Win32
		{3A95639B-6DAD-4EBB-A724-187014D6E733}.Release|x64.ActiveCfg = Release|x64
		{3A95639B-6DAD-4EBB-A724-187014D6E733}.Release|x64.Build.0 = Release|x64
		{3A95639B-6DAD-4EBB-A724-187014D6E733}.Release|x86.ActiveCfg = Release|Win32
		{3A95639B-6DAD-4EBB-A724-187014D6E733}.Release|x86.Build.0 = Release|Win32
		{20E280DD-F7F4-4E35-8B6E-2847AB4B087F}.Debug|x64.ActiveCfg = Debug|x64
		{20E280DD-F7F4-4E35-8B6E-2847AB4B087F}.Debug|x64.Build.0 = Debug|x64
		{20E280DD-F7F4-4E35-8B6E-2847AB4B087F}.Debug|x86.ActiveCfg = Debug|Win32
		{20E280DD-F7F4-4E35-8B6E-2847AB4B087F}.Debug|x86.Build.0 = Debug|Win32
		{20E280DD-F7F4-4E35-8B6E-2847AB4B087F}.Release|x64.ActiveCfg = Release|x64
		{20E280DD-F7F4-4E35-8B6E-2847AB4B087F}.Release|x64.Build.0 = Release|x64
		{20E280DD-F7F4-4E35-8B6E-2847AB4B087F}.Release|x86.ActiveCfg = Release|Win32
		{20E280DD-F7F4-4E35-8B6E-2847AB4B087F}.Release|x86.Build.0 = Release|Win32
		{9F61BFC9-BA85-4C19-8DC8-494EE2EE57B5}.Debug|x64.ActiveCfg = Debug|x64
		{9F61BFC9-BA85-4C19-8DC8-494EE2EE57B5}.Debug|x64.Build.0 = Debug|x64
		{9F61BFC9-BA85-4C19-8DC8-494EE2EE57B5}.Debug|x86.ActiveCfg = Debug|Win32
		{9F61BFC9-BA85-4C19-8DC8-494EE2EE57B5}.Debug|x86.Build.0 = Debug|Win32
		{9F61BFC9-BA85-4C19-8DC8-494EE2EE57B5}.Release|x64.ActiveCfg = Release|x64
		{9F61BFC9-BA85-4C19-8DC8-494EE2EE57B5}.Release|x64.Build.0 = Release|x64
		{9F61BFC9-BA85-4C19-8DC8-494EE2EE57B5}.Release|x86.ActiveCfg = Release|Win32
		{9F61BFC9-BA85-4C19-8DC8-494EE2EE57B5}.Release|x86.Build.0 = Release|Win32
	EndGlobalSection
	GlobalSection(SolutionProperties) = preSolution
		HideSolutionNode = FALSE
	EndGlobalSection
	GlobalSection(ExtensibilityGlobals) = postSolution
		SolutionGuid = {593E31AC-0ECE-439C-9F13-68E2237DBFFF}
	EndGlobalSection
EndGlobal
