<Solution>
  <Configurations>
    <Platform Name="x64" />
    <Platform Name="x86" />
  </Configurations>
  <Project Path="ExamPrep/ExamPrep.vcxproj" Id="bf145fa7-0f8d-41d4-b0de-a28868b8130d" />
  <Project Path="ExamPrep2/ExamPrep2.vcxproj" Id="5b76c18b-a502-492e-8a10-7685cdd3e695" />
  <Project Path="ExamPrep3/ExamPrep3.vcxproj" Id="8e24bee4-f0e9-42aa-a12c-078aa6cb6cf1" />
  <Project Path="ExamPrep4/ExamPrep4.vcxproj" Id="48d81305-6abd-427f-adf1-029106081c2e" />
  <Project Path="ExamPrep5/ExamPrep5.vcxproj" Id="274739f7-583b-4697-98e4-722ec60bf0d1" />
  <Project Path="ExamPrep6/ExamPrep6.vcxproj" Id="8879f4a8-8858-4243-85f6-28e9997a00a1" />
  <Project Path="ExamPrep7/ExamPrep7.vcxproj" Id="b24ca4e1-09f1-475e-84ca-70e105cc9c57" />
  <Project Path="ExamPrep8/ExamPrep8.vcxproj" Id="0976f448-cc66-475c-8d66-e7d810a9e220" />
  <Project Path="ExamPrep9/ExamPrep9.vcxproj" Id="7aea7ee5-9647-405b-8510-478f2b3f6bc3" />
</Solution>
