
Microsoft Visual Studio Solution File, Format Version 12.00
# Visual Studio Version 17
VisualStudioVersion = 17.14.36603.0 d17.14
MinimumVisualStudioVersion = 10.0.40219.1
Project("{8BC9CEB8-8B4A-11D0-8D11-00A0C91BC942}") = "Task1", "Task1\Task1.vcxproj", "{C9112901-103D-437C-B662-0E09AC20A5DA}"
EndProject
Project("{8BC9CEB8-8B4A-11D0-8D11-00A0C91BC942}") = "Task2", "Task2\Task2.vcxproj", "{BF7CA362-F035-4AAE-80E0-A732C4B53596}"
EndProject
Project("{8BC9CEB8-8B4A-11D0-8D11-00A0C91BC942}") = "Task3", "Task3\Task3.vcxproj", "{7701B5DF-7871-4710-9FE3-29A64B14538A}"
EndProject
Project("{8BC9CEB8-8B4A-11D0-8D11-00A0C91BC942}") = "Task4", "Task4\Task4.vcxproj", "{BBEB47F6-3D2D-420F-9928-DD655CB64883}"
EndProject
Project("{8BC9CEB8-8B4A-11D0-8D11-00A0C91BC942}") = "Task5", "Task5\Task5.vcxproj", "{52CFFD68-AE38-4213-A2C1-4A2D6DD07E6E}"
EndProject
Project("{8BC9CEB8-8B4A-11D0-8D11-00A0C91BC942}") = "Task6", "Task6\Task6.vcxproj", "{A21657ED-3594-478F-853B-8361DB78831B}"
EndProject
Project("{8BC9CEB8-8B4A-11D0-8D11-00A0C91BC942}") = "Task7", "Task7\Task7.vcxproj", "{159E261D-C619-45AB-BF49-ECBF3CF7A3F4}"
EndProject
Project("{8BC9CEB8-8B4A-11D0-8D11-00A0C91BC942}") = "Task8", "Task8\Task8.vcxproj", "{F5BA2011-F044-4473-9DA5-9E4FCA3EE98D}"
EndProject
Project("{8BC9CEB8-8B4A-11D0-8D11-00A0C91BC942}") = "Task9", "Task9\Task9.vcxproj", "{B2DA7105-C4DA-4E06-A087-4DF7A6CCA6D3}"
EndProject
Project("{8BC9CEB8-8B4A-11D0-8D11-00A0C91BC942}") = "Task10", "Task10\Task10.vcxproj", "{DA6BB956-7B11-418E-B1F7-A2D27B401C47}"
EndProject
Project("{8BC9CEB8-8B4A-11D0-8D11-00A0C91BC942}") = "Task11", "Task11\Task11.vcxproj", "{88AF53A5-5C78-4426-8F06-4A1FC93B47F1}"
EndProject
Project("{8BC9CEB8-8B4A-11D0-8D11-00A0C91BC942}") = "Task12", "Task12\Task12.vcxproj", "{4635879B-9479-458A-972A-5E108C758BC2}"
EndProject
Project("{8BC9CEB8-8B4A-11D0-8D11-00A0C91BC942}") = "Task13", "Task13\Task13.vcxproj", "{5F59D1BA-2174-4FB4-A0AC-352BD767CF0C}"
EndProject
Project("{8BC9CEB8-8B4A-11D0-8D11-00A0C91BC942}") = "Task14", "Task14\Task14.vcxproj", "{C0CE3441-CED1-4049-B042-71EE93B202D8}"
EndProject
Project("{8BC9CEB8-8B4A-11D0-8D11-00A0C91BC942}") = "Task15", "Task15\Task15.vcxproj", "{5BFE9FBD-22ED-4214-BFF7-14F50006A832}"
EndProject
Global
	GlobalSection(SolutionConfigurationPlatforms) = preSolution
		Debug|x64 = Debug|x64
		Debug|x86 = Debug|x86
		Release|x64 = Release|x64
		Release|x86 = Release|x86
	EndGlobalSection
	GlobalSection(ProjectConfigurationPlatforms) = postSolution
		{C9112901-103D-437C-B662-0E09AC20A5DA}.Debug|x64.ActiveCfg = Debug|x64
		{C9112901-103D-437C-B662-0E09AC20A5DA}.Debug|x64.Build.0 = Debug|x64
		{C9112901-103D-437C-B662-0E09AC20A5DA}.Debug|x86.ActiveCfg = Debug|Win32
		{C9112901-103D-437C-B662-0E09AC20A5DA}.Debug|x86.Build.0 = Debug|Win32
		{C9112901-103D-437C-B662-0E09AC20A5DA}.Release|x64.ActiveCfg = Release|x64
		{C9112901-103D-437C-B662-0E09AC20A5DA}.Release|x64.Build.0 = Release|x64
		{C9112901-103D-437C-B662-0E09AC20A5DA}.Release|x86.ActiveCfg = Release|Win32
		{C9112901-103D-437C-B662-0E09AC20A5DA}.Release|x86.Build.0 = Release|Win32
		{BF7CA362-F035-4AAE-80E0-A732C4B53596}.Debug|x64.ActiveCfg = Debug|x64
		{BF7CA362-F035-4AAE-80E0-A732C4B53596}.Debug|x64.Build.0 = Debug|x64
		{BF7CA362-F035-4AAE-80E0-A732C4B53596}.Debug|x86.ActiveCfg = Debug|Win32
		{BF7CA362-F035-4AAE-80E0-A732C4B53596}.Debug|x86.Build.0 = Debug|Win32
		{BF7CA362-F035-4AAE-80E0-A732C4B53596}.Release|x64.ActiveCfg = Release|x64
		{BF7CA362-F035-4AAE-80E0-A732C4B53596}.Release|x64.Build.0 = Release|x64
		{BF7CA362-F035-4AAE-80E0-A732C4B53596}.Release|x86.ActiveCfg = Release|Win32
		{BF7CA362-F035-4AAE-80E0-A732C4B53596}.Release|x86.Build.0 = Release|Win32
		{7701B5DF-7871-4710-9FE3-29A64B14538A}.Debug|x64.ActiveCfg = Debug|x64
		{7701B5DF-7871-4710-9FE3-29A64B14538A}.Debug|x64.Build.0 = Debug|x64
		{7701B5DF-7871-4710-9FE3-29A64B14538A}.Debug|x86.ActiveCfg = Debug|Win32
		{7701B5DF-7871-4710-9FE3-29A64B14538A}.Debug|x86.Build.0 = Debug|Win32
		{7701B5DF-7871-4710-9FE3-29A64B14538A}.Release|x64.ActiveCfg = Release|x64
		{7701B5DF-7871-4710-9FE3-29A64B14538A}.Release|x64.Build.0 = Release|x64
		{7701B5DF-7871-4710-9FE3-29A64B14538A}.Release|x86.ActiveCfg = Release|Win32
		{7701B5DF-7871-4710-9FE3-29A64B14538A}.Release|x86.Build.0 = Release|Win32
		{BBEB47F6-3D2D-420F-9928-DD655CB64883}.Debug|x64.ActiveCfg = Debug|x64
		{BBEB47F6-3D2D-420F-9928-DD655CB64883}.Debug|x64.Build.0 = Debug|x64
		{BBEB47F6-3D2D-420F-9928-DD655CB64883}.Debug|x86.ActiveCfg = Debug|Win32
		{BBEB47F6-3D2D-420F-9928-DD655CB64883}.Debug|x86.Build.0 = Debug|Win32
		{BBEB47F6-3D2D-420F-9928-DD655CB64883}.Release|x64.ActiveCfg = Release|x64
		{BBEB47F6-3D2D-420F-9928-DD655CB64883}.Release|x64.Build.0 = Release|x64
		{BBEB47F6-3D2D-420F-9928-DD655CB64883}.Release|x86.ActiveCfg = Release|Win32
		{BBEB47F6-3D2D-420F-9928-DD655CB64883}.Release|x86.Build.0 = Release|Win32
		{52CFFD68-AE38-4213-A2C1-4A2D6DD07E6E}.Debug|x64.ActiveCfg = Debug|x64
		{52CFFD68-AE38-4213-A2C1-4A2D6DD07E6E}.Debug|x64.Build.0 = Debug|x64
		{52CFFD68-AE38-4213-A2C1-4A2D6DD07E6E}.Debug|x86.ActiveCfg = Debug|Win32
		{52CFFD68-AE38-4213-A2C1-4A2D6DD07E6E}.Debug|x86.Build.0 = Debug|Win32
		{52CFFD68-AE38-4213-A2C1-4A2D6DD07E6E}.Release|x64.ActiveCfg = Release|x64
		{52CFFD68-AE38-4213-A2C1-4A2D6DD07E6E}.Release|x64.Build.0 = Release|x64
		{52CFFD68-AE38-4213-A2C1-4A2D6DD07E6E}.Release|x86.ActiveCfg = Release|Win32
		{52CFFD68-AE38-4213-A2C1-4A2D6DD07E6E}.Release|x86.Build.0 = Release|Win32
		{A21657ED-3594-478F-853B-8361DB78831B}.Debug|x64.ActiveCfg = Debug|x64
		{A21657ED-3594-478F-853B-8361DB78831B}.Debug|x64.Build.0 = Debug|x64
		{A21657ED-3594-478F-853B-8361DB78831B}.Debug|x86.ActiveCfg = Debug|Win32
		{A21657ED-3594-478F-853B-8361DB78831B}.Debug|x86.Build.0 = Debug|Win32
		{A21657ED-3594-478F-853B-8361DB78831B}.Release|x64.ActiveCfg = Release|x64
		{A21657ED-3594-478F-853B-8361DB78831B}.Release|x64.Build.0 = Release|x64
		{A21657ED-3594-478F-853B-8361DB78831B}.Release|x86.ActiveCfg = Release|Win32
		{A21657ED-3594-478F-853B-8361DB78831B}.Release|x86.Build.0 = Release|Win32
		{159E261D-C619-45AB-BF49-ECBF3CF7A3F4}.Debug|x64.ActiveCfg = Debug|x64
		{159E261D-C619-45AB-BF49-ECBF3CF7A3F4}.Debug|x64.Build.0 = Debug|x64
		{159E261D-C619-45AB-BF49-ECBF3CF7A3F4}.Debug|x86.ActiveCfg = Debug|Win32
		{159E261D-C619-45AB-BF49-ECBF3CF7A3F4}.Debug|x86.Build.0 = Debug|Win32
		{159E261D-C619-45AB-BF49-ECBF3CF7A3F4}.Release|x64.ActiveCfg = Release|x64
		{159E261D-C619-45AB-BF49-ECBF3CF7A3F4}.Release|x64.Build.0 = Release|x64
		{159E261D-C619-45AB-BF49-ECBF3CF7A3F4}.Release|x86.ActiveCfg = Release|Win32
		{159E261D-C619-45AB-BF49-ECBF3CF7A3F4}.Release|x86.Build.0 = Release|Win32
		{F5BA2011-F044-4473-9DA5-9E4FCA3EE98D}.Debug|x64.ActiveCfg = Debug|x64
		{F5BA2011-F044-4473-9DA5-9E4FCA3EE98D}.Debug|x64.Build.0 = Debug|x64
		{F5BA2011-F044-4473-9DA5-9E4FCA3EE98D}.Debug|x86.ActiveCfg = Debug|Win32
		{F5BA2011-F044-4473-9DA5-9E4FCA3EE98D}.Debug|x86.Build.0 = Debug|Win32
		{F5BA2011-F044-4473-9DA5-9E4FCA3EE98D}.Release|x64.ActiveCfg = Release|x64
		{F5BA2011-F044-4473-9DA5-9E4FCA3EE98D}.Release|x64.Build.0 = Release|x64
		{F5BA2011-F044-4473-9DA5-9E4FCA3EE98D}.Release|x86.ActiveCfg = Release|Win32
		{F5BA2011-F044-4473-9DA5-9E4FCA3EE98D}.Release|x86.Build.0 = Release|Win32
		{B2DA7105-C4DA-4E06-A087-4DF7A6CCA6D3}.Debug|x64.ActiveCfg = Debug|x64
		{B2DA7105-C4DA-4E06-A087-4DF7A6CCA6D3}.Debug|x64.Build.0 = Debug|x64
		{B2DA7105-C4DA-4E06-A087-4DF7A6CCA6D3}.Debug|x86.ActiveCfg = Debug|Win32
		{B2DA7105-C4DA-4E06-A087-4DF7A6CCA6D3}.Debug|x86.Build.0 = Debug|Win32
		{B2DA7105-C4DA-4E06-A087-4DF7A6CCA6D3}.Release|x64.ActiveCfg = Release|x64
		{B2DA7105-C4DA-4E06-A087-4DF7A6CCA6D3}.Release|x64.Build.0 = Release|x64
		{B2DA7105-C4DA-4E06-A087-4DF7A6CCA6D3}.Release|x86.ActiveCfg = Release|Win32
		{B2DA7105-C4DA-4E06-A087-4DF7A6CCA6D3}.Release|x86.Build.0 = Release|Win32
		{DA6BB956-7B11-418E-B1F7-A2D27B401C47}.Debug|x64.ActiveCfg = Debug|x64
		{DA6BB956-7B11-418E-B1F7-A2D27B401C47}.Debug|x64.Build.0 = Debug|x64
		{DA6BB956-7B11-418E-B1F7-A2D27B401C47}.Debug|x86.ActiveCfg = Debug|Win32
		{DA6BB956-7B11-418E-B1F7-A2D27B401C47}.Debug|x86.Build.0 = Debug|Win32
		{DA6BB956-7B11-418E-B1F7-A2D27B401C47}.Release|x64.ActiveCfg = Release|x64
		{DA6BB956-7B11-418E-B1F7-A2D27B401C47}.Release|x64.Build.0 = Release|x64
		{DA6BB956-7B11-418E-B1F7-A2D27B401C47}.Release|x86.ActiveCfg = Release|Win32
		{DA6BB956-7B11-418E-B1F7-A2D27B401C47}.Release|x86.Build.0 = Release|Win32
		{88AF53A5-5C78-4426-8F06-4A1FC93B47F1}.Debug|x64.ActiveCfg = Debug|x64
		{88AF53A5-5C78-4426-8F06-4A1FC93B47F1}.Debug|x64.Build.0 = Debug|x64
		{88AF53A5-5C78-4426-8F06-4A1FC93B47F1}.Debug|x86.ActiveCfg = Debug|Win32
		{88AF53A5-5C78-4426-8F06-4A1FC93B47F1}.Debug|x86.Build.0 = Debug|Win32
		{88AF53A5-5C78-4426-8F06-4A1FC93B47F1}.Release|x64.ActiveCfg = Release|x64
		{88AF53A5-5C78-4426-8F06-4A1FC93B47F1}.Release|x64.Build.0 = Release|x64
		{88AF53A5-5C78-4426-8F06-4A1FC93B47F1}.Release|x86.ActiveCfg = Release|Win32
		{88AF53A5-5C78-4426-8F06-4A1FC93B47F1}.Release|x86.Build.0 = Release|Win32
		{4635879B-9479-458A-972A-5E108C758BC2}.Debug|x64.ActiveCfg = Debug|x64
		{4635879B-9479-458A-972A-5E108C758BC2}.Debug|x64.Build.0 = Debug|x64
		{4635879B-9479-458A-972A-5E108C758BC2}.Debug|x86.ActiveCfg = Debug|Win32
		{4635879B-9479-458A-972A-5E108C758BC2}.Debug|x86.Build.0 = Debug|Win32
		{4635879B-9479-458A-972A-5E108C758BC2}.Release|x64.ActiveCfg = Release|x64
		{4635879B-9479-458A-972A-5E108C758BC2}.Release|x64.Build.0 = Release|x64
		{4635879B-9479-458A-972A-5E108C758BC2}.Release|x86.ActiveCfg = Release|Win32
		{4635879B-9479-458A-972A-5E108C758BC2}.Release|x86.Build.0 = Release|Win32
		{5F59D1BA-2174-4FB4-A0AC-352BD767CF0C}.Debug|x64.ActiveCfg = Debug|x64
		{5F59D1BA-2174-4FB4-A0AC-352BD767CF0C}.Debug|x64.Build.0 = Debug|x64
		{5F59D1BA-2174-4FB4-A0AC-352BD767CF0C}.Debug|x86.ActiveCfg = Debug|Win32
		{5F59D1BA-2174-4FB4-A0AC-352BD767CF0C}.Debug|x86.Build.0 = Debug|Win32
		{5F59D1BA-2174-4FB4-A0AC-352BD767CF0C}.Release|x64.ActiveCfg = Release|x64
		{5F59D1BA-2174-4FB4-A0AC-352BD767CF0C}.Release|x64.Build.0 = Release|x64
		{5F59D1BA-2174-4FB4-A0AC-352BD767CF0C}.Release|x86.ActiveCfg = Release|Win32
		{5F59D1BA-2174-4FB4-A0AC-352BD767CF0C}.Release|x86.Build.0 = Release|Win32
		{C0CE3441-CED1-4049-B042-71EE93B202D8}.Debug|x64.ActiveCfg = Debug|x64
		{C0CE3441-CED1-4049-B042-71EE93B202D8}.Debug|x64.Build.0 = Debug|x64
		{C0CE3441-CED1-4049-B042-71EE93B202D8}.Debug|x86.ActiveCfg = Debug|Win32
		{C0CE3441-CED1-4049-B042-71EE93B202D8}.Debug|x86.Build.0 = Debug|Win32
		{C0CE3441-CED1-4049-B042-71EE93B202D8}.Release|x64.ActiveCfg = Release|x64
		{C0CE3441-CED1-4049-B042-71EE93B202D8}.Release|x64.Build.0 = Release|x64
		{C0CE3441-CED1-4049-B042-71EE93B202D8}.Release|x86.ActiveCfg = Release|Win32
		{C0CE3441-CED1-4049-B042-71EE93B202D8}.Release|x86.Build.0 = Release|Win32
		{5BFE9FBD-22ED-4214-BFF7-14F50006A832}.Debug|x64.ActiveCfg = Debug|x64
		{5BFE9FBD-22ED-4214-BFF7-14F50006A832}.Debug|x64.Build.0 = Debug|x64
		{5BFE9FBD-22ED-4214-BFF7-14F50006A832}.Debug|x86.ActiveCfg = Debug|Win32
		{5BFE9FBD-22ED-4214-BFF7-14F50006A832}.Debug|x86.Build.0 = Debug|Win32
		{5BFE9FBD-22ED-4214-BFF7-14F50006A832}.Release|x64.ActiveCfg = Release|x64
		{5BFE9FBD-22ED-4214-BFF7-14F50006A832}.Release|x64.Build.0 = Release|x64
		{5BFE9FBD-22ED-4214-BFF7-14F50006A832}.Release|x86.ActiveCfg = Release|Win32
		{5BFE9FBD-22ED-4214-BFF7-14F50006A832}.Release|x86.Build.0 = Release|Win32
	EndGlobalSection
	GlobalSection(SolutionProperties) = preSolution
		HideSolutionNode = FALSE
	EndGlobalSection
	GlobalSection(ExtensibilityGlobals) = postSolution
		SolutionGuid = {C4B7D4DC-7EBC-422A-A709-2F3C8E06E0CB}
	EndGlobalSection
EndGlobal
