
Microsoft Visual Studio Solution File, Format Version 12.00
# Visual Studio Version 17
VisualStudioVersion = 17.14.36603.0 d17.14
MinimumVisualStudioVersion = 10.0.40219.1
Project("{8BC9CEB8-8B4A-11D0-8D11-00A0C91BC942}") = "Task1", "Task1\Task1.vcxproj", "{C9112901-103D-437C-B662-0E09AC20A5DA}"
EndProject
Project("{8BC9CEB8-8B4A-11D0-8D11-00A0C91BC942}") = "Task2", "Task2\Task2.vcxproj", "{BF7CA362-F035-4AAE-80E0-A732C4B53596}"
EndProject
Global
	GlobalSection(SolutionConfigurationPlatforms) = preSolution
		Debug|x64 = Debug|x64
		Debug|x86 = Debug|x86
		Release|x64 = Release|x64
		Release|x86 = Release|x86
	EndGlobalSection
	GlobalSection(ProjectConfigurationPlatforms) = postSolution
		{C9112901-103D-437C-B662-0E09AC20A5DA}.Debug|x64.ActiveCfg = Debug|x64
		{C9112901-103D-437C-B662-0E09AC20A5DA}.Debug|x64.Build.0 = Debug|x64
		{C9112901-103D-437C-B662-0E09AC20A5DA}.Debug|x86.ActiveCfg = Debug|Win32
		{C9112901-103D-437C-B662-0E09AC20A5DA}.Debug|x86.Build.0 = Debug|Win32
		{C9112901-103D-437C-B662-0E09AC20A5DA}.Release|x64.ActiveCfg = Release|x64
		{C9112901-103D-437C-B662-0E09AC20A5DA}.Release|x64.Build.0 = Release|x64
		{C9112901-103D-437C-B662-0E09AC20A5DA}.Release|x86.ActiveCfg = Release|Win32
		{C9112901-103D-437C-B662-0E09AC20A5DA}.Release|x86.Build.0 = Release|Win32
		{BF7CA362-F035-4AAE-80E0-A732C4B53596}.Debug|x64.ActiveCfg = Debug|x64
		{BF7CA362-F035-4AAE-80E0-A732C4B53596}.Debug|x64.Build.0 = Debug|x64
		{BF7CA362-F035-4AAE-80E0-A732C4B53596}.Debug|x86.ActiveCfg = Debug|Win32
		{BF7CA362-F035-4AAE-80E0-A732C4B53596}.Debug|x86.Build.0 = Debug|Win32
		{BF7CA362-F035-4AAE-80E0-A732C4B53596}.Release|x64.ActiveCfg = Release|x64
		{BF7CA362-F035-4AAE-80E0-A732C4B53596}.Release|x64.Build.0 = Release|x64
		{BF7CA362-F035-4AAE-80E0-A732C4B53596}.Release|x86.ActiveCfg = Release|Win32
		{BF7CA362-F035-4AAE-80E0-A732C4B53596}.Release|x86.Build.0 = Release|Win32
	EndGlobalSection
	GlobalSection(SolutionProperties) = preSolution
		HideSolutionNode = FALSE
	EndGlobalSection
	GlobalSection(ExtensibilityGlobals) = postSolution
		SolutionGuid = {C4B7D4DC-7EBC-422A-A709-2F3C8E06E0CB}
	EndGlobalSection
EndGlobal
