<Solution>
  <Configurations>
    <Platform Name="x64" />
    <Platform Name="x86" />
  </Configurations>
  <Project Path="11/11.vcxproj" Id="8f8404c7-4ad0-4503-84aa-aca855e4194a" />
  <Project Path="Task1/Task1.vcxproj" Id="93b6cbd0-d9bd-4edc-b0cb-b0aba4a6a1be" />
  <Project Path="Task10/Task10.vcxproj" Id="3391468b-3ea3-4c64-a295-056c7e756e6b" />
  <Project Path="Task12/Task12.vcxproj" Id="f1d0eae8-4f75-44ea-8de0-66599f65c07f" />
  <Project Path="Task13/Task13.vcxproj" Id="f5f913d3-8369-4b1c-bdf4-9e25bfc5b774" />
  <Project Path="Task14/Task14.vcxproj" Id="8794025e-1758-416b-b80c-d7404a7dd593" />
  <Project Path="Task15/Task15.vcxproj" Id="0ef996fa-af66-4950-812a-60fe611816a0" />
  <Project Path="Task16/Task16.vcxproj" Id="44869005-09ca-4aee-8425-77e6d7fa698b" />
  <Project Path="Task17/Task17.vcxproj" Id="c0d7e5ea-1f80-4bf9-9e60-34e7613de929" />
  <Project Path="Task18/Task18.vcxproj" Id="0a4d90e1-8642-4a82-8650-9caacc03139a" />
  <Project Path="Task19/Task19.vcxproj" Id="745f6616-2ccb-43bc-97f4-8f2fbea797d2" />
  <Project Path="Task2/Task2.vcxproj" Id="1a5d3b7d-4bb8-4b5d-97b1-313c12d7b6e8" />
  <Project Path="Task20/Task20.vcxproj" Id="bee69df3-9f52-4579-b4e8-1714a205c89e" />
  <Project Path="Task21/Task21.vcxproj" Id="23c5e2dd-b504-4aa6-87d2-4d82a476dbfe" />
  <Project Path="Task22/Task22.vcxproj" Id="8e863c2a-e588-48c2-8357-95c5066576a4" />
  <Project Path="Task23/Task23.vcxproj" Id="5ba71360-b2e8-465b-9357-2e619e972ae4" />
  <Project Path="Task24/Task24.vcxproj" Id="096844b7-c7a1-493e-8481-4957deaecc89" />
  <Project Path="Task25/Task25.vcxproj" Id="4851904f-c599-49e9-8644-da1c27bbc908" />
  <Project Path="Task26/Task26.vcxproj" Id="6bd7fe5a-d5b1-4deb-b75c-74e3ac9b8023" />
  <Project Path="Task3/Task3.vcxproj" Id="560f5f00-6e51-45cd-a8ce-04c3013ef256" />
  <Project Path="Task4/Task4.vcxproj" Id="f1c69513-a561-45d4-9c77-8992adc1caf9" />
  <Project Path="Task5/Task5.vcxproj" Id="dd344d48-2e1c-4624-8d41-c4c81e8a620c" />
  <Project Path="Task6/Task6.vcxproj" Id="3278b14a-deb3-4b8e-a8d8-151e6bf050d4" />
  <Project Path="Task7/Task7.vcxproj" Id="871adb9d-0e31-469c-ac06-e52d44460aa6" />
  <Project Path="Task8/Task8.vcxproj" Id="546055e8-83ee-4bf5-a423-e7a2b6a4f849" />
  <Project Path="Task9/Task9.vcxproj" Id="56b981dc-cc7f-4960-a1c9-3be6ad9e319a" />
</Solution>
