
Microsoft Visual Studio Solution File, Format Version 12.00
# Visual Studio Version 17
VisualStudioVersion = 17.14.36603.0 d17.14
MinimumVisualStudioVersion = 10.0.40219.1
Project("{8BC9CEB8-8B4A-11D0-8D11-00A0C91BC942}") = "Task1", "Task1\Task1.vcxproj", "{D3A0B586-FB5D-49E4-AF1A-D0EB8A8EFD55}"
EndProject
Project("{8BC9CEB8-8B4A-11D0-8D11-00A0C91BC942}") = "Task2", "Task2\Task2.vcxproj", "{1CC73F1F-6A52-4AEB-8F1F-579F4149F95E}"
EndProject
Project("{8BC9CEB8-8B4A-11D0-8D11-00A0C91BC942}") = "Task3", "Task3\Task3.vcxproj", "{0E7586AB-9504-4D90-9983-28D4261523C2}"
EndProject
Project("{8BC9CEB8-8B4A-11D0-8D11-00A0C91BC942}") = "Task4", "Task4\Task4.vcxproj", "{99F70E93-0240-44D7-B70E-A564C4C29F08}"
EndProject
Project("{8BC9CEB8-8B4A-11D0-8D11-00A0C91BC942}") = "Task5", "Task5\Task5.vcxproj", "{57D51870-B216-4D04-AB12-004F61C16B4C}"
EndProject
Global
	GlobalSection(SolutionConfigurationPlatforms) = preSolution
		Debug|x64 = Debug|x64
		Debug|x86 = Debug|x86
		Release|x64 = Release|x64
		Release|x86 = Release|x86
	EndGlobalSection
	GlobalSection(ProjectConfigurationPlatforms) = postSolution
		{D3A0B586-FB5D-49E4-AF1A-D0EB8A8EFD55}.Debug|x64.ActiveCfg = Debug|x64
		{D3A0B586-FB5D-49E4-AF1A-D0EB8A8EFD55}.Debug|x64.Build.0 = Debug|x64
		{D3A0B586-FB5D-49E4-AF1A-D0EB8A8EFD55}.Debug|x86.ActiveCfg = Debug|Win32
		{D3A0B586-FB5D-49E4-AF1A-D0EB8A8EFD55}.Debug|x86.Build.0 = Debug|Win32
		{D3A0B586-FB5D-49E4-AF1A-D0EB8A8EFD55}.Release|x64.ActiveCfg = Release|x64
		{D3A0B586-FB5D-49E4-AF1A-D0EB8A8EFD55}.Release|x64.Build.0 = Release|x64
		{D3A0B586-FB5D-49E4-AF1A-D0EB8A8EFD55}.Release|x86.ActiveCfg = Release|Win32
		{D3A0B586-FB5D-49E4-AF1A-D0EB8A8EFD55}.Release|x86.Build.0 = Release|Win32
		{1CC73F1F-6A52-4AEB-8F1F-579F4149F95E}.Debug|x64.ActiveCfg = Debug|x64
		{1CC73F1F-6A52-4AEB-8F1F-579F4149F95E}.Debug|x64.Build.0 = Debug|x64
		{1CC73F1F-6A52-4AEB-8F1F-579F4149F95E}.Debug|x86.ActiveCfg = Debug|Win32
		{1CC73F1F-6A52-4AEB-8F1F-579F4149F95E}.Debug|x86.Build.0 = Debug|Win32
		{1CC73F1F-6A52-4AEB-8F1F-579F4149F95E}.Release|x64.ActiveCfg = Release|x64
		{1CC73F1F-6A52-4AEB-8F1F-579F4149F95E}.Release|x64.Build.0 = Release|x64
		{1CC73F1F-6A52-4AEB-8F1F-579F4149F95E}.Release|x86.ActiveCfg = Release|Win32
		{1CC73F1F-6A52-4AEB-8F1F-579F4149F95E}.Release|x86.Build.0 = Release|Win32
		{0E7586AB-9504-4D90-9983-28D4261523C2}.Debug|x64.ActiveCfg = Debug|x64
		{0E7586AB-9504-4D90-9983-28D4261523C2}.Debug|x64.Build.0 = Debug|x64
		{0E7586AB-9504-4D90-9983-28D4261523C2}.Debug|x86.ActiveCfg = Debug|Win32
		{0E7586AB-9504-4D90-9983-28D4261523C2}.Debug|x86.Build.0 = Debug|Win32
		{0E7586AB-9504-4D90-9983-28D4261523C2}.Release|x64.ActiveCfg = Release|x64
		{0E7586AB-9504-4D90-9983-28D4261523C2}.Release|x64.Build.0 = Release|x64
		{0E7586AB-9504-4D90-9983-28D4261523C2}.Release|x86.ActiveCfg = Release|Win32
		{0E7586AB-9504-4D90-9983-28D4261523C2}.Release|x86.Build.0 = Release|Win32
		{99F70E93-0240-44D7-B70E-A564C4C29F08}.Debug|x64.ActiveCfg = Debug|x64
		{99F70E93-0240-44D7-B70E-A564C4C29F08}.Debug|x64.Build.0 = Debug|x64
		{99F70E93-0240-44D7-B70E-A564C4C29F08}.Debug|x86.ActiveCfg = Debug|Win32
		{99F70E93-0240-44D7-B70E-A564C4C29F08}.Debug|x86.Build.0 = Debug|Win32
		{99F70E93-0240-44D7-B70E-A564C4C29F08}.Release|x64.ActiveCfg = Release|x64
		{99F70E93-0240-44D7-B70E-A564C4C29F08}.Release|x64.Build.0 = Release|x64
		{99F70E93-0240-44D7-B70E-A564C4C29F08}.Release|x86.ActiveCfg = Release|Win32
		{99F70E93-0240-44D7-B70E-A564C4C29F08}.Release|x86.Build.0 = Release|Win32
		{57D51870-B216-4D04-AB12-004F61C16B4C}.Debug|x64.ActiveCfg = Debug|x64
		{57D51870-B216-4D04-AB12-004F61C16B4C}.Debug|x64.Build.0 = Debug|x64
		{57D51870-B216-4D04-AB12-004F61C16B4C}.Debug|x86.ActiveCfg = Debug|Win32
		{57D51870-B216-4D04-AB12-004F61C16B4C}.Debug|x86.Build.0 = Debug|Win32
		{57D51870-B216-4D04-AB12-004F61C16B4C}.Release|x64.ActiveCfg = Release|x64
		{57D51870-B216-4D04-AB12-004F61C16B4C}.Release|x64.Build.0 = Release|x64
		{57D51870-B216-4D04-AB12-004F61C16B4C}.Release|x86.ActiveCfg = Release|Win32
		{57D51870-B216-4D04-AB12-004F61C16B4C}.Release|x86.Build.0 = Release|Win32
	EndGlobalSection
	GlobalSection(SolutionProperties) = preSolution
		HideSolutionNode = FALSE
	EndGlobalSection
	GlobalSection(ExtensibilityGlobals) = postSolution
		SolutionGuid = {D49D1192-162E-4683-81CF-F794FAA39641}
	EndGlobalSection
EndGlobal
