
Microsoft Visual Studio Solution File, Format Version 12.00
# Visual Studio Version 17
VisualStudioVersion = 17.14.36429.23
MinimumVisualStudioVersion = 10.0.40219.1
Project("{8BC9CEB8-8B4A-11D0-8D11-00A0C91BC942}") = "Task1", "Task1\Task1.vcxproj", "{32F17582-B10A-46B1-AF3A-F42912B28F73}"
EndProject
Project("{8BC9CEB8-8B4A-11D0-8D11-00A0C91BC942}") = "Task2", "Task2\Task2.vcxproj", "{DC4FA4E7-2B05-4FAF-BBF8-41E096F6AAD4}"
EndProject
Project("{8BC9CEB8-8B4A-11D0-8D11-00A0C91BC942}") = "Task3", "Task3\Task3.vcxproj", "{FBC866BD-D56F-4ACD-90E2-3B3E0034B482}"
EndProject
Project("{8BC9CEB8-8B4A-11D0-8D11-00A0C91BC942}") = "Task4", "Task4\Task4.vcxproj", "{36990447-7233-4E8B-906B-3F1C57A0EC1D}"
EndProject
Project("{8BC9CEB8-8B4A-11D0-8D11-00A0C91BC942}") = "Task5", "Task5\Task5.vcxproj", "{C2819ACA-FCA6-4871-B940-D991E28EA857}"
EndProject
Project("{8BC9CEB8-8B4A-11D0-8D11-00A0C91BC942}") = "Task6", "Task6\Task6.vcxproj", "{6F7C2B77-6C86-4B53-8A7C-364BFC31596A}"
EndProject
Project("{8BC9CEB8-8B4A-11D0-8D11-00A0C91BC942}") = "Task7", "Task7\Task7.vcxproj", "{3C7701FC-72FA-4DA3-B1DC-F3327B9AADA6}"
EndProject
Project("{8BC9CEB8-8B4A-11D0-8D11-00A0C91BC942}") = "Task8", "Task8\Task8.vcxproj", "{C3CDCC12-FE7F-4375-B750-A54769C3D69A}"
EndProject
Project("{8BC9CEB8-8B4A-11D0-8D11-00A0C91BC942}") = "Task9", "Task9\Task9.vcxproj", "{BDABC93F-609E-4DAA-A90E-FE8865311470}"
EndProject
Project("{8BC9CEB8-8B4A-11D0-8D11-00A0C91BC942}") = "Task10", "Task10\Task10.vcxproj", "{AC62D113-5BD0-4870-8E8C-6C874905DDA3}"
EndProject
Project("{8BC9CEB8-8B4A-11D0-8D11-00A0C91BC942}") = "Task11", "Task11\Task11.vcxproj", "{5F6C06A8-3D41-4D82-807A-BE32810F7CEA}"
EndProject
Project("{8BC9CEB8-8B4A-11D0-8D11-00A0C91BC942}") = "Task12", "Task12\Task12.vcxproj", "{F9090F93-F509-4731-B744-75ADC12F4192}"
EndProject
Project("{8BC9CEB8-8B4A-11D0-8D11-00A0C91BC942}") = "Task13", "Task13\Task13.vcxproj", "{B92DDC06-A1BE-49FB-A8C5-1B3D70AE04F0}"
EndProject
Project("{8BC9CEB8-8B4A-11D0-8D11-00A0C91BC942}") = "Task15", "Task15\Task15.vcxproj", "{EB5BDDF9-3427-4F86-970A-D934120576D7}"
EndProject
Project("{8BC9CEB8-8B4A-11D0-8D11-00A0C91BC942}") = "Task16", "Task16\Task16.vcxproj", "{4A57C3E8-0A08-426D-8FE7-D76290ED167F}"
EndProject
Project("{8BC9CEB8-8B4A-11D0-8D11-00A0C91BC942}") = "Task17", "Task17\Task17.vcxproj", "{C88E69CF-49F5-42B5-8E45-F43BEC1DC1BC}"
EndProject
Project("{8BC9CEB8-8B4A-11D0-8D11-00A0C91BC942}") = "Task18", "Task18\Task18.vcxproj", "{0F8473FD-DC14-4428-A3DF-4C70465DE6D8}"
EndProject
Project("{8BC9CEB8-8B4A-11D0-8D11-00A0C91BC942}") = "Task19", "Task19\Task19.vcxproj", "{557E1EB1-9A05-4F14-A90F-674D50B43BE7}"
EndProject
Project("{8BC9CEB8-8B4A-11D0-8D11-00A0C91BC942}") = "Task20", "Task20\Task20.vcxproj", "{A54289E4-4127-442C-A210-FA65239E4C66}"
EndProject
Project("{8BC9CEB8-8B4A-11D0-8D11-00A0C91BC942}") = "Task21", "Task21\Task21.vcxproj", "{541DCE36-F02E-48CB-83DF-76ED0A50A400}"
EndProject
Project("{8BC9CEB8-8B4A-11D0-8D11-00A0C91BC942}") = "Task22", "Task22\Task22.vcxproj", "{971781DF-9F59-4DE9-9168-3E3C948C9E63}"
EndProject
Global
	GlobalSection(SolutionConfigurationPlatforms) = preSolution
		Debug|x64 = Debug|x64
		Debug|x86 = Debug|x86
		Release|x64 = Release|x64
		Release|x86 = Release|x86
	EndGlobalSection
	GlobalSection(ProjectConfigurationPlatforms) = postSolution
		{32F17582-B10A-46B1-AF3A-F42912B28F73}.Debug|x64.ActiveCfg = Debug|x64
		{32F17582-B10A-46B1-AF3A-F42912B28F73}.Debug|x64.Build.0 = Debug|x64
		{32F17582-B10A-46B1-AF3A-F42912B28F73}.Debug|x86.ActiveCfg = Debug|Win32
		{32F17582-B10A-46B1-AF3A-F42912B28F73}.Debug|x86.Build.0 = Debug|Win32
		{32F17582-B10A-46B1-AF3A-F42912B28F73}.Release|x64.ActiveCfg = Release|x64
		{32F17582-B10A-46B1-AF3A-F42912B28F73}.Release|x64.Build.0 = Release|x64
		{32F17582-B10A-46B1-AF3A-F42912B28F73}.Release|x86.ActiveCfg = Release|Win32
		{32F17582-B10A-46B1-AF3A-F42912B28F73}.Release|x86.Build.0 = Release|Win32
		{DC4FA4E7-2B05-4FAF-BBF8-41E096F6AAD4}.Debug|x64.ActiveCfg = Debug|x64
		{DC4FA4E7-2B05-4FAF-BBF8-41E096F6AAD4}.Debug|x64.Build.0 = Debug|x64
		{DC4FA4E7-2B05-4FAF-BBF8-41E096F6AAD4}.Debug|x86.ActiveCfg = Debug|Win32
		{DC4FA4E7-2B05-4FAF-BBF8-41E096F6AAD4}.Debug|x86.Build.0 = Debug|Win32
		{DC4FA4E7-2B05-4FAF-BBF8-41E096F6AAD4}.Release|x64.ActiveCfg = Release|x64
		{DC4FA4E7-2B05-4FAF-BBF8-41E096F6AAD4}.Release|x64.Build.0 = Release|x64
		{DC4FA4E7-2B05-4FAF-BBF8-41E096F6AAD4}.Release|x86.ActiveCfg = Release|Win32
		{DC4FA4E7-2B05-4FAF-BBF8-41E096F6AAD4}.Release|x86.Build.0 = Release|Win32
		{FBC866BD-D56F-4ACD-90E2-3B3E0034B482}.Debug|x64.ActiveCfg = Debug|x64
		{FBC866BD-D56F-4ACD-90E2-3B3E0034B482}.Debug|x64.Build.0 = Debug|x64
		{FBC866BD-D56F-4ACD-90E2-3B3E0034B482}.Debug|x86.ActiveCfg = Debug|Win32
		{FBC866BD-D56F-4ACD-90E2-3B3E0034B482}.Debug|x86.Build.0 = Debug|Win32
		{FBC866BD-D56F-4ACD-90E2-3B3E0034B482}.Release|x64.ActiveCfg = Release|x64
		{FBC866BD-D56F-4ACD-90E2-3B3E0034B482}.Release|x64.Build.0 = Release|x64
		{FBC866BD-D56F-4ACD-90E2-3B3E0034B482}.Release|x86.ActiveCfg = Release|Win32
		{FBC866BD-D56F-4ACD-90E2-3B3E0034B482}.Release|x86.Build.0 = Release|Win32
		{36990447-7233-4E8B-906B-3F1C57A0EC1D}.Debug|x64.ActiveCfg = Debug|x64
		{36990447-7233-4E8B-906B-3F1C57A0EC1D}.Debug|x64.Build.0 = Debug|x64
		{36990447-7233-4E8B-906B-3F1C57A0EC1D}.Debug|x86.ActiveCfg = Debug|Win32
		{36990447-7233-4E8B-906B-3F1C57A0EC1D}.Debug|x86.Build.0 = Debug|Win32
		{36990447-7233-4E8B-906B-3F1C57A0EC1D}.Release|x64.ActiveCfg = Release|x64
		{36990447-7233-4E8B-906B-3F1C57A0EC1D}.Release|x64.Build.0 = Release|x64
		{36990447-7233-4E8B-906B-3F1C57A0EC1D}.Release|x86.ActiveCfg = Release|Win32
		{36990447-7233-4E8B-906B-3F1C57A0EC1D}.Release|x86.Build.0 = Release|Win32
		{C2819ACA-FCA6-4871-B940-D991E28EA857}.Debug|x64.ActiveCfg = Debug|x64
		{C2819ACA-FCA6-4871-B940-D991E28EA857}.Debug|x64.Build.0 = Debug|x64
		{C2819ACA-FCA6-4871-B940-D991E28EA857}.Debug|x86.ActiveCfg = Debug|Win32
		{C2819ACA-FCA6-4871-B940-D991E28EA857}.Debug|x86.Build.0 = Debug|Win32
		{C2819ACA-FCA6-4871-B940-D991E28EA857}.Release|x64.ActiveCfg = Release|x64
		{C2819ACA-FCA6-4871-B940-D991E28EA857}.Release|x64.Build.0 = Release|x64
		{C2819ACA-FCA6-4871-B940-D991E28EA857}.Release|x86.ActiveCfg = Release|Win32
		{C2819ACA-FCA6-4871-B940-D991E28EA857}.Release|x86.Build.0 = Release|Win32
		{6F7C2B77-6C86-4B53-8A7C-364BFC31596A}.Debug|x64.ActiveCfg = Debug|x64
		{6F7C2B77-6C86-4B53-8A7C-364BFC31596A}.Debug|x64.Build.0 = Debug|x64
		{6F7C2B77-6C86-4B53-8A7C-364BFC31596A}.Debug|x86.ActiveCfg = Debug|Win32
		{6F7C2B77-6C86-4B53-8A7C-364BFC31596A}.Debug|x86.Build.0 = Debug|Win32
		{6F7C2B77-6C86-4B53-8A7C-364BFC31596A}.Release|x64.ActiveCfg = Release|x64
		{6F7C2B77-6C86-4B53-8A7C-364BFC31596A}.Release|x64.Build.0 = Release|x64
		{6F7C2B77-6C86-4B53-8A7C-364BFC31596A}.Release|x86.ActiveCfg = Release|Win32
		{6F7C2B77-6C86-4B53-8A7C-364BFC31596A}.Release|x86.Build.0 = Release|Win32
		{3C7701FC-72FA-4DA3-B1DC-F3327B9AADA6}.Debug|x64.ActiveCfg = Debug|x64
		{3C7701FC-72FA-4DA3-B1DC-F3327B9AADA6}.Debug|x64.Build.0 = Debug|x64
		{3C7701FC-72FA-4DA3-B1DC-F3327B9AADA6}.Debug|x86.ActiveCfg = Debug|Win32
		{3C7701FC-72FA-4DA3-B1DC-F3327B9AADA6}.Debug|x86.Build.0 = Debug|Win32
		{3C7701FC-72FA-4DA3-B1DC-F3327B9AADA6}.Release|x64.ActiveCfg = Release|x64
		{3C7701FC-72FA-4DA3-B1DC-F3327B9AADA6}.Release|x64.Build.0 = Release|x64
		{3C7701FC-72FA-4DA3-B1DC-F3327B9AADA6}.Release|x86.ActiveCfg = Release|Win32
		{3C7701FC-72FA-4DA3-B1DC-F3327B9AADA6}.Release|x86.Build.0 = Release|Win32
		{C3CDCC12-FE7F-4375-B750-A54769C3D69A}.Debug|x64.ActiveCfg = Debug|x64
		{C3CDCC12-FE7F-4375-B750-A54769C3D69A}.Debug|x64.Build.0 = Debug|x64
		{C3CDCC12-FE7F-4375-B750-A54769C3D69A}.Debug|x86.ActiveCfg = Debug|Win32
		{C3CDCC12-FE7F-4375-B750-A54769C3D69A}.Debug|x86.Build.0 = Debug|Win32
		{C3CDCC12-FE7F-4375-B750-A54769C3D69A}.Release|x64.ActiveCfg = Release|x64
		{C3CDCC12-FE7F-4375-B750-A54769C3D69A}.Release|x64.Build.0 = Release|x64
		{C3CDCC12-FE7F-4375-B750-A54769C3D69A}.Release|x86.ActiveCfg = Release|Win32
		{C3CDCC12-FE7F-4375-B750-A54769C3D69A}.Release|x86.Build.0 = Release|Win32
		{BDABC93F-609E-4DAA-A90E-FE8865311470}.Debug|x64.ActiveCfg = Debug|x64
		{BDABC93F-609E-4DAA-A90E-FE8865311470}.Debug|x64.Build.0 = Debug|x64
		{BDABC93F-609E-4DAA-A90E-FE8865311470}.Debug|x86.ActiveCfg = Debug|Win32
		{BDABC93F-609E-4DAA-A90E-FE8865311470}.Debug|x86.Build.0 = Debug|Win32
		{BDABC93F-609E-4DAA-A90E-FE8865311470}.Release|x64.ActiveCfg = Release|x64
		{BDABC93F-609E-4DAA-A90E-FE8865311470}.Release|x64.Build.0 = Release|x64
		{BDABC93F-609E-4DAA-A90E-FE8865311470}.Release|x86.ActiveCfg = Release|Win32
		{BDABC93F-609E-4DAA-A90E-FE8865311470}.Release|x86.Build.0 = Release|Win32
		{AC62D113-5BD0-4870-8E8C-6C874905DDA3}.Debug|x64.ActiveCfg = Debug|x64
		{AC62D113-5BD0-4870-8E8C-6C874905DDA3}.Debug|x64.Build.0 = Debug|x64
		{AC62D113-5BD0-4870-8E8C-6C874905DDA3}.Debug|x86.ActiveCfg = Debug|Win32
		{AC62D113-5BD0-4870-8E8C-6C874905DDA3}.Debug|x86.Build.0 = Debug|Win32
		{AC62D113-5BD0-4870-8E8C-6C874905DDA3}.Release|x64.ActiveCfg = Release|x64
		{AC62D113-5BD0-4870-8E8C-6C874905DDA3}.Release|x64.Build.0 = Release|x64
		{AC62D113-5BD0-4870-8E8C-6C874905DDA3}.Release|x86.ActiveCfg = Release|Win32
		{AC62D113-5BD0-4870-8E8C-6C874905DDA3}.Release|x86.Build.0 = Release|Win32
		{5F6C06A8-3D41-4D82-807A-BE32810F7CEA}.Debug|x64.ActiveCfg = Debug|x64
		{5F6C06A8-3D41-4D82-807A-BE32810F7CEA}.Debug|x64.Build.0 = Debug|x64
		{5F6C06A8-3D41-4D82-807A-BE32810F7CEA}.Debug|x86.ActiveCfg = Debug|Win32
		{5F6C06A8-3D41-4D82-807A-BE32810F7CEA}.Debug|x86.Build.0 = Debug|Win32
		{5F6C06A8-3D41-4D82-807A-BE32810F7CEA}.Release|x64.ActiveCfg = Release|x64
		{5F6C06A8-3D41-4D82-807A-BE32810F7CEA}.Release|x64.Build.0 = Release|x64
		{5F6C06A8-3D41-4D82-807A-BE32810F7CEA}.Release|x86.ActiveCfg = Release|Win32
		{5F6C06A8-3D41-4D82-807A-BE32810F7CEA}.Release|x86.Build.0 = Release|Win32
		{F9090F93-F509-4731-B744-75ADC12F4192}.Debug|x64.ActiveCfg = Debug|x64
		{F9090F93-F509-4731-B744-75ADC12F4192}.Debug|x64.Build.0 = Debug|x64
		{F9090F93-F509-4731-B744-75ADC12F4192}.Debug|x86.ActiveCfg = Debug|Win32
		{F9090F93-F509-4731-B744-75ADC12F4192}.Debug|x86.Build.0 = Debug|Win32
		{F9090F93-F509-4731-B744-75ADC12F4192}.Release|x64.ActiveCfg = Release|x64
		{F9090F93-F509-4731-B744-75ADC12F4192}.Release|x64.Build.0 = Release|x64
		{F9090F93-F509-4731-B744-75ADC12F4192}.Release|x86.ActiveCfg = Release|Win32
		{F9090F93-F509-4731-B744-75ADC12F4192}.Release|x86.Build.0 = Release|Win32
		{B92DDC06-A1BE-49FB-A8C5-1B3D70AE04F0}.Debug|x64.ActiveCfg = Debug|x64
		{B92DDC06-A1BE-49FB-A8C5-1B3D70AE04F0}.Debug|x64.Build.0 = Debug|x64
		{B92DDC06-A1BE-49FB-A8C5-1B3D70AE04F0}.Debug|x86.ActiveCfg = Debug|Win32
		{B92DDC06-A1BE-49FB-A8C5-1B3D70AE04F0}.Debug|x86.Build.0 = Debug|Win32
		{B92DDC06-A1BE-49FB-A8C5-1B3D70AE04F0}.Release|x64.ActiveCfg = Release|x64
		{B92DDC06-A1BE-49FB-A8C5-1B3D70AE04F0}.Release|x64.Build.0 = Release|x64
		{B92DDC06-A1BE-49FB-A8C5-1B3D70AE04F0}.Release|x86.ActiveCfg = Release|Win32
		{B92DDC06-A1BE-49FB-A8C5-1B3D70AE04F0}.Release|x86.Build.0 = Release|Win32
		{EB5BDDF9-3427-4F86-970A-D934120576D7}.Debug|x64.ActiveCfg = Debug|x64
		{EB5BDDF9-3427-4F86-970A-D934120576D7}.Debug|x64.Build.0 = Debug|x64
		{EB5BDDF9-3427-4F86-970A-D934120576D7}.Debug|x86.ActiveCfg = Debug|Win32
		{EB5BDDF9-3427-4F86-970A-D934120576D7}.Debug|x86.Build.0 = Debug|Win32
		{EB5BDDF9-3427-4F86-970A-D934120576D7}.Release|x64.ActiveCfg = Release|x64
		{EB5BDDF9-3427-4F86-970A-D934120576D7}.Release|x64.Build.0 = Release|x64
		{EB5BDDF9-3427-4F86-970A-D934120576D7}.Release|x86.ActiveCfg = Release|Win32
		{EB5BDDF9-3427-4F86-970A-D934120576D7}.Release|x86.Build.0 = Release|Win32
		{4A57C3E8-0A08-426D-8FE7-D76290ED167F}.Debug|x64.ActiveCfg = Debug|x64
		{4A57C3E8-0A08-426D-8FE7-D76290ED167F}.Debug|x64.Build.0 = Debug|x64
		{4A57C3E8-0A08-426D-8FE7-D76290ED167F}.Debug|x86.ActiveCfg = Debug|Win32
		{4A57C3E8-0A08-426D-8FE7-D76290ED167F}.Debug|x86.Build.0 = Debug|Win32
		{4A57C3E8-0A08-426D-8FE7-D76290ED167F}.Release|x64.ActiveCfg = Release|x64
		{4A57C3E8-0A08-426D-8FE7-D76290ED167F}.Release|x64.Build.0 = Release|x64
		{4A57C3E8-0A08-426D-8FE7-D76290ED167F}.Release|x86.ActiveCfg = Release|Win32
		{4A57C3E8-0A08-426D-8FE7-D76290ED167F}.Release|x86.Build.0 = Release|Win32
		{C88E69CF-49F5-42B5-8E45-F43BEC1DC1BC}.Debug|x64.ActiveCfg = Debug|x64
		{C88E69CF-49F5-42B5-8E45-F43BEC1DC1BC}.Debug|x64.Build.0 = Debug|x64
		{C88E69CF-49F5-42B5-8E45-F43BEC1DC1BC}.Debug|x86.ActiveCfg = Debug|Win32
		{C88E69CF-49F5-42B5-8E45-F43BEC1DC1BC}.Debug|x86.Build.0 = Debug|Win32
		{C88E69CF-49F5-42B5-8E45-F43BEC1DC1BC}.Release|x64.ActiveCfg = Release|x64
		{C88E69CF-49F5-42B5-8E45-F43BEC1DC1BC}.Release|x64.Build.0 = Release|x64
		{C88E69CF-49F5-42B5-8E45-F43BEC1DC1BC}.Release|x86.ActiveCfg = Release|Win32
		{C88E69CF-49F5-42B5-8E45-F43BEC1DC1BC}.Release|x86.Build.0 = Release|Win32
		{0F8473FD-DC14-4428-A3DF-4C70465DE6D8}.Debug|x64.ActiveCfg = Debug|x64
		{0F8473FD-DC14-4428-A3DF-4C70465DE6D8}.Debug|x64.Build.0 = Debug|x64
		{0F8473FD-DC14-4428-A3DF-4C70465DE6D8}.Debug|x86.ActiveCfg = Debug|Win32
		{0F8473FD-DC14-4428-A3DF-4C70465DE6D8}.Debug|x86.Build.0 = Debug|Win32
		{0F8473FD-DC14-4428-A3DF-4C70465DE6D8}.Release|x64.ActiveCfg = Release|x64
		{0F8473FD-DC14-4428-A3DF-4C70465DE6D8}.Release|x64.Build.0 = Release|x64
		{0F8473FD-DC14-4428-A3DF-4C70465DE6D8}.Release|x86.ActiveCfg = Release|Win32
		{0F8473FD-DC14-4428-A3DF-4C70465DE6D8}.Release|x86.Build.0 = Release|Win32
		{557E1EB1-9A05-4F14-A90F-674D50B43BE7}.Debug|x64.ActiveCfg = Debug|x64
		{557E1EB1-9A05-4F14-A90F-674D50B43BE7}.Debug|x64.Build.0 = Debug|x64
		{557E1EB1-9A05-4F14-A90F-674D50B43BE7}.Debug|x86.ActiveCfg = Debug|Win32
		{557E1EB1-9A05-4F14-A90F-674D50B43BE7}.Debug|x86.Build.0 = Debug|Win32
		{557E1EB1-9A05-4F14-A90F-674D50B43BE7}.Release|x64.ActiveCfg = Release|x64
		{557E1EB1-9A05-4F14-A90F-674D50B43BE7}.Release|x64.Build.0 = Release|x64
		{557E1EB1-9A05-4F14-A90F-674D50B43BE7}.Release|x86.ActiveCfg = Release|Win32
		{557E1EB1-9A05-4F14-A90F-674D50B43BE7}.Release|x86.Build.0 = Release|Win32
		{A54289E4-4127-442C-A210-FA65239E4C66}.Debug|x64.ActiveCfg = Debug|x64
		{A54289E4-4127-442C-A210-FA65239E4C66}.Debug|x64.Build.0 = Debug|x64
		{A54289E4-4127-442C-A210-FA65239E4C66}.Debug|x86.ActiveCfg = Debug|Win32
		{A54289E4-4127-442C-A210-FA65239E4C66}.Debug|x86.Build.0 = Debug|Win32
		{A54289E4-4127-442C-A210-FA65239E4C66}.Release|x64.ActiveCfg = Release|x64
		{A54289E4-4127-442C-A210-FA65239E4C66}.Release|x64.Build.0 = Release|x64
		{A54289E4-4127-442C-A210-FA65239E4C66}.Release|x86.ActiveCfg = Release|Win32
		{A54289E4-4127-442C-A210-FA65239E4C66}.Release|x86.Build.0 = Release|Win32
		{541DCE36-F02E-48CB-83DF-76ED0A50A400}.Debug|x64.ActiveCfg = Debug|x64
		{541DCE36-F02E-48CB-83DF-76ED0A50A400}.Debug|x64.Build.0 = Debug|x64
		{541DCE36-F02E-48CB-83DF-76ED0A50A400}.Debug|x86.ActiveCfg = Debug|Win32
		{541DCE36-F02E-48CB-83DF-76ED0A50A400}.Debug|x86.Build.0 = Debug|Win32
		{541DCE36-F02E-48CB-83DF-76ED0A50A400}.Release|x64.ActiveCfg = Release|x64
		{541DCE36-F02E-48CB-83DF-76ED0A50A400}.Release|x64.Build.0 = Release|x64
		{541DCE36-F02E-48CB-83DF-76ED0A50A400}.Release|x86.ActiveCfg = Release|Win32
		{541DCE36-F02E-48CB-83DF-76ED0A50A400}.Release|x86.Build.0 = Release|Win32
		{971781DF-9F59-4DE9-9168-3E3C948C9E63}.Debug|x64.ActiveCfg = Debug|x64
		{971781DF-9F59-4DE9-9168-3E3C948C9E63}.Debug|x64.Build.0 = Debug|x64
		{971781DF-9F59-4DE9-9168-3E3C948C9E63}.Debug|x86.ActiveCfg = Debug|Win32
		{971781DF-9F59-4DE9-9168-3E3C948C9E63}.Debug|x86.Build.0 = Debug|Win32
		{971781DF-9F59-4DE9-9168-3E3C948C9E63}.Release|x64.ActiveCfg = Release|x64
		{971781DF-9F59-4DE9-9168-3E3C948C9E63}.Release|x64.Build.0 = Release|x64
		{971781DF-9F59-4DE9-9168-3E3C948C9E63}.Release|x86.ActiveCfg = Release|Win32
		{971781DF-9F59-4DE9-9168-3E3C948C9E63}.Release|x86.Build.0 = Release|Win32
	EndGlobalSection
	GlobalSection(SolutionProperties) = preSolution
		HideSolutionNode = FALSE
	EndGlobalSection
	GlobalSection(ExtensibilityGlobals) = postSolution
		SolutionGuid = {D1B50466-59F6-42C6-800E-5208E649E334}
	EndGlobalSection
EndGlobal
