
Microsoft Visual Studio Solution File, Format Version 12.00
# Visual Studio Version 17
VisualStudioVersion = 17.14.36429.23
MinimumVisualStudioVersion = 10.0.40219.1
Project("{8BC9CEB8-8B4A-11D0-8D11-00A0C91BC942}") = "Task1", "Task1\Task1.vcxproj", "{B835B390-28EE-4ADA-8635-690855359728}"
EndProject
Project("{8BC9CEB8-8B4A-11D0-8D11-00A0C91BC942}") = "Task2", "Task2\Task2.vcxproj", "{592F50F8-74C9-4971-8B80-D8710CABBD7F}"
EndProject
Project("{8BC9CEB8-8B4A-11D0-8D11-00A0C91BC942}") = "Task3", "Task3\Task3.vcxproj", "{41EBEBC0-C342-4E1B-B911-9AA214342C71}"
EndProject
Project("{8BC9CEB8-8B4A-11D0-8D11-00A0C91BC942}") = "Task4", "Task4\Task4.vcxproj", "{77D5F780-4754-4532-9E4C-0052FC2FFC00}"
EndProject
Project("{8BC9CEB8-8B4A-11D0-8D11-00A0C91BC942}") = "Task5", "Task5\Task5.vcxproj", "{DA03711A-665B-4994-A550-43B5CE64884F}"
EndProject
Project("{8BC9CEB8-8B4A-11D0-8D11-00A0C91BC942}") = "Task6", "Task6\Task6.vcxproj", "{66F6AD05-3BBB-4267-8F6E-F731E9AE50ED}"
EndProject
Project("{8BC9CEB8-8B4A-11D0-8D11-00A0C91BC942}") = "Task7", "Task7\Task7.vcxproj", "{CBF2D79D-2459-4C28-B04B-F1C2A1141993}"
EndProject
Project("{8BC9CEB8-8B4A-11D0-8D11-00A0C91BC942}") = "Task8", "Task8\Task8.vcxproj", "{F433F995-5E5A-47F7-BBC5-9D04A6CFEA5D}"
EndProject
Project("{8BC9CEB8-8B4A-11D0-8D11-00A0C91BC942}") = "Task9", "Task9\Task9.vcxproj", "{65B63BFB-F292-41A9-945E-39ADBDB59750}"
EndProject
Project("{8BC9CEB8-8B4A-11D0-8D11-00A0C91BC942}") = "Task10", "Task10\Task10.vcxproj", "{BE988E68-5E69-41B4-B02B-FB04A7186E96}"
EndProject
Project("{8BC9CEB8-8B4A-11D0-8D11-00A0C91BC942}") = "Task11", "Task11\Task11.vcxproj", "{271611E3-8EF9-470D-A6D4-43D5B7126E3F}"
EndProject
Project("{8BC9CEB8-8B4A-11D0-8D11-00A0C91BC942}") = "Task12", "Task12\Task12.vcxproj", "{17CCCA39-479F-4034-9006-A62B080F6907}"
EndProject
Project("{8BC9CEB8-8B4A-11D0-8D11-00A0C91BC942}") = "Task13", "Task13\Task13.vcxproj", "{9A9679DA-7910-413D-AA32-4685B048AE91}"
EndProject
Project("{8BC9CEB8-8B4A-11D0-8D11-00A0C91BC942}") = "Task14", "Task14\Task14.vcxproj", "{B19C4768-1870-4AEC-88E1-6A18D9AC3B1F}"
EndProject
Project("{8BC9CEB8-8B4A-11D0-8D11-00A0C91BC942}") = "Task15", "Task15\Task15.vcxproj", "{E44B226E-16FA-40E2-93F0-496EC35FA0C1}"
EndProject
Project("{8BC9CEB8-8B4A-11D0-8D11-00A0C91BC942}") = "Task16", "Task16\Task16.vcxproj", "{9A267497-0A7A-4215-AB4E-A063BC3F435A}"
EndProject
Project("{8BC9CEB8-8B4A-11D0-8D11-00A0C91BC942}") = "Task17", "Task17\Task17.vcxproj", "{857F5437-2B70-4654-847E-93F581054994}"
EndProject
Project("{8BC9CEB8-8B4A-11D0-8D11-00A0C91BC942}") = "Task18", "Task18\Task18.vcxproj", "{296E205A-863A-4AB8-917C-A444D1888317}"
EndProject
Project("{8BC9CEB8-8B4A-11D0-8D11-00A0C91BC942}") = "Task19", "Task19\Task19.vcxproj", "{A0B8A109-8818-470E-95D0-BE9EBCEF9B9D}"
EndProject
Project("{8BC9CEB8-8B4A-11D0-8D11-00A0C91BC942}") = "Task20", "Task20\Task20.vcxproj", "{E9B83F1A-86F0-44D5-A53B-227DB950E3F4}"
EndProject
Project("{8BC9CEB8-8B4A-11D0-8D11-00A0C91BC942}") = "Task21", "Task21\Task21.vcxproj", "{8232CD09-E481-4075-AAC1-15B9A388FE61}"
EndProject
Global
	GlobalSection(SolutionConfigurationPlatforms) = preSolution
		Debug|x64 = Debug|x64
		Debug|x86 = Debug|x86
		Release|x64 = Release|x64
		Release|x86 = Release|x86
	EndGlobalSection
	GlobalSection(ProjectConfigurationPlatforms) = postSolution
		{B835B390-28EE-4ADA-8635-690855359728}.Debug|x64.ActiveCfg = Debug|x64
		{B835B390-28EE-4ADA-8635-690855359728}.Debug|x64.Build.0 = Debug|x64
		{B835B390-28EE-4ADA-8635-690855359728}.Debug|x86.ActiveCfg = Debug|Win32
		{B835B390-28EE-4ADA-8635-690855359728}.Debug|x86.Build.0 = Debug|Win32
		{B835B390-28EE-4ADA-8635-690855359728}.Release|x64.ActiveCfg = Release|x64
		{B835B390-28EE-4ADA-8635-690855359728}.Release|x64.Build.0 = Release|x64
		{B835B390-28EE-4ADA-8635-690855359728}.Release|x86.ActiveCfg = Release|Win32
		{B835B390-28EE-4ADA-8635-690855359728}.Release|x86.Build.0 = Release|Win32
		{592F50F8-74C9-4971-8B80-D8710CABBD7F}.Debug|x64.ActiveCfg = Debug|x64
		{592F50F8-74C9-4971-8B80-D8710CABBD7F}.Debug|x64.Build.0 = Debug|x64
		{592F50F8-74C9-4971-8B80-D8710CABBD7F}.Debug|x86.ActiveCfg = Debug|Win32
		{592F50F8-74C9-4971-8B80-D8710CABBD7F}.Debug|x86.Build.0 = Debug|Win32
		{592F50F8-74C9-4971-8B80-D8710CABBD7F}.Release|x64.ActiveCfg = Release|x64
		{592F50F8-74C9-4971-8B80-D8710CABBD7F}.Release|x64.Build.0 = Release|x64
		{592F50F8-74C9-4971-8B80-D8710CABBD7F}.Release|x86.ActiveCfg = Release|Win32
		{592F50F8-74C9-4971-8B80-D8710CABBD7F}.Release|x86.Build.0 = Release|Win32
		{41EBEBC0-C342-4E1B-B911-9AA214342C71}.Debug|x64.ActiveCfg = Debug|x64
		{41EBEBC0-C342-4E1B-B911-9AA214342C71}.Debug|x64.Build.0 = Debug|x64
		{41EBEBC0-C342-4E1B-B911-9AA214342C71}.Debug|x86.ActiveCfg = Debug|Win32
		{41EBEBC0-C342-4E1B-B911-9AA214342C71}.Debug|x86.Build.0 = Debug|Win32
		{41EBEBC0-C342-4E1B-B911-9AA214342C71}.Release|x64.ActiveCfg = Release|x64
		{41EBEBC0-C342-4E1B-B911-9AA214342C71}.Release|x64.Build.0 = Release|x64
		{41EBEBC0-C342-4E1B-B911-9AA214342C71}.Release|x86.ActiveCfg = Release|Win32
		{41EBEBC0-C342-4E1B-B911-9AA214342C71}.Release|x86.Build.0 = Release|Win32
		{77D5F780-4754-4532-9E4C-0052FC2FFC00}.Debug|x64.ActiveCfg = Debug|x64
		{77D5F780-4754-4532-9E4C-0052FC2FFC00}.Debug|x64.Build.0 = Debug|x64
		{77D5F780-4754-4532-9E4C-0052FC2FFC00}.Debug|x86.ActiveCfg = Debug|Win32
		{77D5F780-4754-4532-9E4C-0052FC2FFC00}.Debug|x86.Build.0 = Debug|Win32
		{77D5F780-4754-4532-9E4C-0052FC2FFC00}.Release|x64.ActiveCfg = Release|x64
		{77D5F780-4754-4532-9E4C-0052FC2FFC00}.Release|x64.Build.0 = Release|x64
		{77D5F780-4754-4532-9E4C-0052FC2FFC00}.Release|x86.ActiveCfg = Release|Win32
		{77D5F780-4754-4532-9E4C-0052FC2FFC00}.Release|x86.Build.0 = Release|Win32
		{DA03711A-665B-4994-A550-43B5CE64884F}.Debug|x64.ActiveCfg = Debug|x64
		{DA03711A-665B-4994-A550-43B5CE64884F}.Debug|x64.Build.0 = Debug|x64
		{DA03711A-665B-4994-A550-43B5CE64884F}.Debug|x86.ActiveCfg = Debug|Win32
		{DA03711A-665B-4994-A550-43B5CE64884F}.Debug|x86.Build.0 = Debug|Win32
		{DA03711A-665B-4994-A550-43B5CE64884F}.Release|x64.ActiveCfg = Release|x64
		{DA03711A-665B-4994-A550-43B5CE64884F}.Release|x64.Build.0 = Release|x64
		{DA03711A-665B-4994-A550-43B5CE64884F}.Release|x86.ActiveCfg = Release|Win32
		{DA03711A-665B-4994-A550-43B5CE64884F}.Release|x86.Build.0 = Release|Win32
		{66F6AD05-3BBB-4267-8F6E-F731E9AE50ED}.Debug|x64.ActiveCfg = Debug|x64
		{66F6AD05-3BBB-4267-8F6E-F731E9AE50ED}.Debug|x64.Build.0 = Debug|x64
		{66F6AD05-3BBB-4267-8F6E-F731E9AE50ED}.Debug|x86.ActiveCfg = Debug|Win32
		{66F6AD05-3BBB-4267-8F6E-F731E9AE50ED}.Debug|x86.Build.0 = Debug|Win32
		{66F6AD05-3BBB-4267-8F6E-F731E9AE50ED}.Release|x64.ActiveCfg = Release|x64
		{66F6AD05-3BBB-4267-8F6E-F731E9AE50ED}.Release|x64.Build.0 = Release|x64
		{66F6AD05-3BBB-4267-8F6E-F731E9AE50ED}.Release|x86.ActiveCfg = Release|Win32
		{66F6AD05-3BBB-4267-8F6E-F731E9AE50ED}.Release|x86.Build.0 = Release|Win32
		{CBF2D79D-2459-4C28-B04B-F1C2A1141993}.Debug|x64.ActiveCfg = Debug|x64
		{CBF2D79D-2459-4C28-B04B-F1C2A1141993}.Debug|x64.Build.0 = Debug|x64
		{CBF2D79D-2459-4C28-B04B-F1C2A1141993}.Debug|x86.ActiveCfg = Debug|Win32
		{CBF2D79D-2459-4C28-B04B-F1C2A1141993}.Debug|x86.Build.0 = Debug|Win32
		{CBF2D79D-2459-4C28-B04B-F1C2A1141993}.Release|x64.ActiveCfg = Release|x64
		{CBF2D79D-2459-4C28-B04B-F1C2A1141993}.Release|x64.Build.0 = Release|x64
		{CBF2D79D-2459-4C28-B04B-F1C2A1141993}.Release|x86.ActiveCfg = Release|Win32
		{CBF2D79D-2459-4C28-B04B-F1C2A1141993}.Release|x86.Build.0 = Release|Win32
		{F433F995-5E5A-47F7-BBC5-9D04A6CFEA5D}.Debug|x64.ActiveCfg = Debug|x64
		{F433F995-5E5A-47F7-BBC5-9D04A6CFEA5D}.Debug|x64.Build.0 = Debug|x64
		{F433F995-5E5A-47F7-BBC5-9D04A6CFEA5D}.Debug|x86.ActiveCfg = Debug|Win32
		{F433F995-5E5A-47F7-BBC5-9D04A6CFEA5D}.Debug|x86.Build.0 = Debug|Win32
		{F433F995-5E5A-47F7-BBC5-9D04A6CFEA5D}.Release|x64.ActiveCfg = Release|x64
		{F433F995-5E5A-47F7-BBC5-9D04A6CFEA5D}.Release|x64.Build.0 = Release|x64
		{F433F995-5E5A-47F7-BBC5-9D04A6CFEA5D}.Release|x86.ActiveCfg = Release|Win32
		{F433F995-5E5A-47F7-BBC5-9D04A6CFEA5D}.Release|x86.Build.0 = Release|Win32
		{65B63BFB-F292-41A9-945E-39ADBDB59750}.Debug|x64.ActiveCfg = Debug|x64
		{65B63BFB-F292-41A9-945E-39ADBDB59750}.Debug|x64.Build.0 = Debug|x64
		{65B63BFB-F292-41A9-945E-39ADBDB59750}.Debug|x86.ActiveCfg = Debug|Win32
		{65B63BFB-F292-41A9-945E-39ADBDB59750}.Debug|x86.Build.0 = Debug|Win32
		{65B63BFB-F292-41A9-945E-39ADBDB59750}.Release|x64.ActiveCfg = Release|x64
		{65B63BFB-F292-41A9-945E-39ADBDB59750}.Release|x64.Build.0 = Release|x64
		{65B63BFB-F292-41A9-945E-39ADBDB59750}.Release|x86.ActiveCfg = Release|Win32
		{65B63BFB-F292-41A9-945E-39ADBDB59750}.Release|x86.Build.0 = Release|Win32
		{BE988E68-5E69-41B4-B02B-FB04A7186E96}.Debug|x64.ActiveCfg = Debug|x64
		{BE988E68-5E69-41B4-B02B-FB04A7186E96}.Debug|x64.Build.0 = Debug|x64
		{BE988E68-5E69-41B4-B02B-FB04A7186E96}.Debug|x86.ActiveCfg = Debug|Win32
		{BE988E68-5E69-41B4-B02B-FB04A7186E96}.Debug|x86.Build.0 = Debug|Win32
		{BE988E68-5E69-41B4-B02B-FB04A7186E96}.Release|x64.ActiveCfg = Release|x64
		{BE988E68-5E69-41B4-B02B-FB04A7186E96}.Release|x64.Build.0 = Release|x64
		{BE988E68-5E69-41B4-B02B-FB04A7186E96}.Release|x86.ActiveCfg = Release|Win32
		{BE988E68-5E69-41B4-B02B-FB04A7186E96}.Release|x86.Build.0 = Release|Win32
		{271611E3-8EF9-470D-A6D4-43D5B7126E3F}.Debug|x64.ActiveCfg = Debug|x64
		{271611E3-8EF9-470D-A6D4-43D5B7126E3F}.Debug|x64.Build.0 = Debug|x64
		{271611E3-8EF9-470D-A6D4-43D5B7126E3F}.Debug|x86.ActiveCfg = Debug|Win32
		{271611E3-8EF9-470D-A6D4-43D5B7126E3F}.Debug|x86.Build.0 = Debug|Win32
		{271611E3-8EF9-470D-A6D4-43D5B7126E3F}.Release|x64.ActiveCfg = Release|x64
		{271611E3-8EF9-470D-A6D4-43D5B7126E3F}.Release|x64.Build.0 = Release|x64
		{271611E3-8EF9-470D-A6D4-43D5B7126E3F}.Release|x86.ActiveCfg = Release|Win32
		{271611E3-8EF9-470D-A6D4-43D5B7126E3F}.Release|x86.Build.0 = Release|Win32
		{17CCCA39-479F-4034-9006-A62B080F6907}.Debug|x64.ActiveCfg = Debug|x64
		{17CCCA39-479F-4034-9006-A62B080F6907}.Debug|x64.Build.0 = Debug|x64
		{17CCCA39-479F-4034-9006-A62B080F6907}.Debug|x86.ActiveCfg = Debug|Win32
		{17CCCA39-479F-4034-9006-A62B080F6907}.Debug|x86.Build.0 = Debug|Win32
		{17CCCA39-479F-4034-9006-A62B080F6907}.Release|x64.ActiveCfg = Release|x64
		{17CCCA39-479F-4034-9006-A62B080F6907}.Release|x64.Build.0 = Release|x64
		{17CCCA39-479F-4034-9006-A62B080F6907}.Release|x86.ActiveCfg = Release|Win32
		{17CCCA39-479F-4034-9006-A62B080F6907}.Release|x86.Build.0 = Release|Win32
		{9A9679DA-7910-413D-AA32-4685B048AE91}.Debug|x64.ActiveCfg = Debug|x64
		{9A9679DA-7910-413D-AA32-4685B048AE91}.Debug|x64.Build.0 = Debug|x64
		{9A9679DA-7910-413D-AA32-4685B048AE91}.Debug|x86.ActiveCfg = Debug|Win32
		{9A9679DA-7910-413D-AA32-4685B048AE91}.Debug|x86.Build.0 = Debug|Win32
		{9A9679DA-7910-413D-AA32-4685B048AE91}.Release|x64.ActiveCfg = Release|x64
		{9A9679DA-7910-413D-AA32-4685B048AE91}.Release|x64.Build.0 = Release|x64
		{9A9679DA-7910-413D-AA32-4685B048AE91}.Release|x86.ActiveCfg = Release|Win32
		{9A9679DA-7910-413D-AA32-4685B048AE91}.Release|x86.Build.0 = Release|Win32
		{B19C4768-1870-4AEC-88E1-6A18D9AC3B1F}.Debug|x64.ActiveCfg = Debug|x64
		{B19C4768-1870-4AEC-88E1-6A18D9AC3B1F}.Debug|x64.Build.0 = Debug|x64
		{B19C4768-1870-4AEC-88E1-6A18D9AC3B1F}.Debug|x86.ActiveCfg = Debug|Win32
		{B19C4768-1870-4AEC-88E1-6A18D9AC3B1F}.Debug|x86.Build.0 = Debug|Win32
		{B19C4768-1870-4AEC-88E1-6A18D9AC3B1F}.Release|x64.ActiveCfg = Release|x64
		{B19C4768-1870-4AEC-88E1-6A18D9AC3B1F}.Release|x64.Build.0 = Release|x64
		{B19C4768-1870-4AEC-88E1-6A18D9AC3B1F}.Release|x86.ActiveCfg = Release|Win32
		{B19C4768-1870-4AEC-88E1-6A18D9AC3B1F}.Release|x86.Build.0 = Release|Win32
		{E44B226E-16FA-40E2-93F0-496EC35FA0C1}.Debug|x64.ActiveCfg = Debug|x64
		{E44B226E-16FA-40E2-93F0-496EC35FA0C1}.Debug|x64.Build.0 = Debug|x64
		{E44B226E-16FA-40E2-93F0-496EC35FA0C1}.Debug|x86.ActiveCfg = Debug|Win32
		{E44B226E-16FA-40E2-93F0-496EC35FA0C1}.Debug|x86.Build.0 = Debug|Win32
		{E44B226E-16FA-40E2-93F0-496EC35FA0C1}.Release|x64.ActiveCfg = Release|x64
		{E44B226E-16FA-40E2-93F0-496EC35FA0C1}.Release|x64.Build.0 = Release|x64
		{E44B226E-16FA-40E2-93F0-496EC35FA0C1}.Release|x86.ActiveCfg = Release|Win32
		{E44B226E-16FA-40E2-93F0-496EC35FA0C1}.Release|x86.Build.0 = Release|Win32
		{9A267497-0A7A-4215-AB4E-A063BC3F435A}.Debug|x64.ActiveCfg = Debug|x64
		{9A267497-0A7A-4215-AB4E-A063BC3F435A}.Debug|x64.Build.0 = Debug|x64
		{9A267497-0A7A-4215-AB4E-A063BC3F435A}.Debug|x86.ActiveCfg = Debug|Win32
		{9A267497-0A7A-4215-AB4E-A063BC3F435A}.Debug|x86.Build.0 = Debug|Win32
		{9A267497-0A7A-4215-AB4E-A063BC3F435A}.Release|x64.ActiveCfg = Release|x64
		{9A267497-0A7A-4215-AB4E-A063BC3F435A}.Release|x64.Build.0 = Release|x64
		{9A267497-0A7A-4215-AB4E-A063BC3F435A}.Release|x86.ActiveCfg = Release|Win32
		{9A267497-0A7A-4215-AB4E-A063BC3F435A}.Release|x86.Build.0 = Release|Win32
		{857F5437-2B70-4654-847E-93F581054994}.Debug|x64.ActiveCfg = Debug|x64
		{857F5437-2B70-4654-847E-93F581054994}.Debug|x64.Build.0 = Debug|x64
		{857F5437-2B70-4654-847E-93F581054994}.Debug|x86.ActiveCfg = Debug|Win32
		{857F5437-2B70-4654-847E-93F581054994}.Debug|x86.Build.0 = Debug|Win32
		{857F5437-2B70-4654-847E-93F581054994}.Release|x64.ActiveCfg = Release|x64
		{857F5437-2B70-4654-847E-93F581054994}.Release|x64.Build.0 = Release|x64
		{857F5437-2B70-4654-847E-93F581054994}.Release|x86.ActiveCfg = Release|Win32
		{857F5437-2B70-4654-847E-93F581054994}.Release|x86.Build.0 = Release|Win32
		{296E205A-863A-4AB8-917C-A444D1888317}.Debug|x64.ActiveCfg = Debug|x64
		{296E205A-863A-4AB8-917C-A444D1888317}.Debug|x64.Build.0 = Debug|x64
		{296E205A-863A-4AB8-917C-A444D1888317}.Debug|x86.ActiveCfg = Debug|Win32
		{296E205A-863A-4AB8-917C-A444D1888317}.Debug|x86.Build.0 = Debug|Win32
		{296E205A-863A-4AB8-917C-A444D1888317}.Release|x64.ActiveCfg = Release|x64
		{296E205A-863A-4AB8-917C-A444D1888317}.Release|x64.Build.0 = Release|x64
		{296E205A-863A-4AB8-917C-A444D1888317}.Release|x86.ActiveCfg = Release|Win32
		{296E205A-863A-4AB8-917C-A444D1888317}.Release|x86.Build.0 = Release|Win32
		{A0B8A109-8818-470E-95D0-BE9EBCEF9B9D}.Debug|x64.ActiveCfg = Debug|x64
		{A0B8A109-8818-470E-95D0-BE9EBCEF9B9D}.Debug|x64.Build.0 = Debug|x64
		{A0B8A109-8818-470E-95D0-BE9EBCEF9B9D}.Debug|x86.ActiveCfg = Debug|Win32
		{A0B8A109-8818-470E-95D0-BE9EBCEF9B9D}.Debug|x86.Build.0 = Debug|Win32
		{A0B8A109-8818-470E-95D0-BE9EBCEF9B9D}.Release|x64.ActiveCfg = Release|x64
		{A0B8A109-8818-470E-95D0-BE9EBCEF9B9D}.Release|x64.Build.0 = Release|x64
		{A0B8A109-8818-470E-95D0-BE9EBCEF9B9D}.Release|x86.ActiveCfg = Release|Win32
		{A0B8A109-8818-470E-95D0-BE9EBCEF9B9D}.Release|x86.Build.0 = Release|Win32
		{E9B83F1A-86F0-44D5-A53B-227DB950E3F4}.Debug|x64.ActiveCfg = Debug|x64
		{E9B83F1A-86F0-44D5-A53B-227DB950E3F4}.Debug|x64.Build.0 = Debug|x64
		{E9B83F1A-86F0-44D5-A53B-227DB950E3F4}.Debug|x86.ActiveCfg = Debug|Win32
		{E9B83F1A-86F0-44D5-A53B-227DB950E3F4}.Debug|x86.Build.0 = Debug|Win32
		{E9B83F1A-86F0-44D5-A53B-227DB950E3F4}.Release|x64.ActiveCfg = Release|x64
		{E9B83F1A-86F0-44D5-A53B-227DB950E3F4}.Release|x64.Build.0 = Release|x64
		{E9B83F1A-86F0-44D5-A53B-227DB950E3F4}.Release|x86.ActiveCfg = Release|Win32
		{E9B83F1A-86F0-44D5-A53B-227DB950E3F4}.Release|x86.Build.0 = Release|Win32
		{8232CD09-E481-4075-AAC1-15B9A388FE61}.Debug|x64.ActiveCfg = Debug|x64
		{8232CD09-E481-4075-AAC1-15B9A388FE61}.Debug|x64.Build.0 = Debug|x64
		{8232CD09-E481-4075-AAC1-15B9A388FE61}.Debug|x86.ActiveCfg = Debug|Win32
		{8232CD09-E481-4075-AAC1-15B9A388FE61}.Debug|x86.Build.0 = Debug|Win32
		{8232CD09-E481-4075-AAC1-15B9A388FE61}.Release|x64.ActiveCfg = Release|x64
		{8232CD09-E481-4075-AAC1-15B9A388FE61}.Release|x64.Build.0 = Release|x64
		{8232CD09-E481-4075-AAC1-15B9A388FE61}.Release|x86.ActiveCfg = Release|Win32
		{8232CD09-E481-4075-AAC1-15B9A388FE61}.Release|x86.Build.0 = Release|Win32
	EndGlobalSection
	GlobalSection(SolutionProperties) = preSolution
		HideSolutionNode = FALSE
	EndGlobalSection
	GlobalSection(ExtensibilityGlobals) = postSolution
		SolutionGuid = {1D1D225A-FFD0-4986-8DAD-7459B5B5A51E}
	EndGlobalSection
EndGlobal
