
Microsoft Visual Studio Solution File, Format Version 12.00
# Visual Studio Version 17
VisualStudioVersion = 17.14.36623.8 d17.14
MinimumVisualStudioVersion = 10.0.40219.1
Project("{8BC9CEB8-8B4A-11D0-8D11-00A0C91BC942}") = "Task1", "Task1\Task1.vcxproj", "{0B9DD5B9-21F0-49C3-A473-BEB7278CC120}"
EndProject
Project("{8BC9CEB8-8B4A-11D0-8D11-00A0C91BC942}") = "Task2", "Task2\Task2.vcxproj", "{CB7F1025-894E-4E4D-9582-8B8E82CF0BCF}"
EndProject
Project("{8BC9CEB8-8B4A-11D0-8D11-00A0C91BC942}") = "Task3", "Task3\Task3.vcxproj", "{B4933B08-1884-47BD-A7EF-6E28746BDAEC}"
EndProject
Project("{8BC9CEB8-8B4A-11D0-8D11-00A0C91BC942}") = "Task4", "Task4\Task4.vcxproj", "{6CC86B11-A740-4306-AF42-31898F54460F}"
EndProject
Project("{8BC9CEB8-8B4A-11D0-8D11-00A0C91BC942}") = "Task5", "Task5\Task5.vcxproj", "{EB11F3F1-A38C-40CE-BBF0-305F07DAB18A}"
EndProject
Project("{8BC9CEB8-8B4A-11D0-8D11-00A0C91BC942}") = "Task6", "Task6\Task6.vcxproj", "{6796DA38-A90F-4A1F-A46D-F0707881D400}"
EndProject
Project("{8BC9CEB8-8B4A-11D0-8D11-00A0C91BC942}") = "Task7", "Task7\Task7.vcxproj", "{38244EDB-2787-4F9B-AEA4-B142F13EB257}"
EndProject
Project("{8BC9CEB8-8B4A-11D0-8D11-00A0C91BC942}") = "Task8", "Task8\Task8.vcxproj", "{E7E10C57-2A5C-4CDA-8A53-DDA6A76556E4}"
EndProject
Project("{8BC9CEB8-8B4A-11D0-8D11-00A0C91BC942}") = "Task9", "Task9\Task9.vcxproj", "{B9608D6F-D292-45C7-AA28-B9F3BCB05096}"
EndProject
Project("{8BC9CEB8-8B4A-11D0-8D11-00A0C91BC942}") = "Task10", "Task10\Task10.vcxproj", "{A8516D9D-903E-48BC-9A6B-FB6A0172A889}"
EndProject
Global
	GlobalSection(SolutionConfigurationPlatforms) = preSolution
		Debug|x64 = Debug|x64
		Debug|x86 = Debug|x86
		Release|x64 = Release|x64
		Release|x86 = Release|x86
	EndGlobalSection
	GlobalSection(ProjectConfigurationPlatforms) = postSolution
		{0B9DD5B9-21F0-49C3-A473-BEB7278CC120}.Debug|x64.ActiveCfg = Debug|x64
		{0B9DD5B9-21F0-49C3-A473-BEB7278CC120}.Debug|x64.Build.0 = Debug|x64
		{0B9DD5B9-21F0-49C3-A473-BEB7278CC120}.Debug|x86.ActiveCfg = Debug|Win32
		{0B9DD5B9-21F0-49C3-A473-BEB7278CC120}.Debug|x86.Build.0 = Debug|Win32
		{0B9DD5B9-21F0-49C3-A473-BEB7278CC120}.Release|x64.ActiveCfg = Release|x64
		{0B9DD5B9-21F0-49C3-A473-BEB7278CC120}.Release|x64.Build.0 = Release|x64
		{0B9DD5B9-21F0-49C3-A473-BEB7278CC120}.Release|x86.ActiveCfg = Release|Win32
		{0B9DD5B9-21F0-49C3-A473-BEB7278CC120}.Release|x86.Build.0 = Release|Win32
		{CB7F1025-894E-4E4D-9582-8B8E82CF0BCF}.Debug|x64.ActiveCfg = Debug|x64
		{CB7F1025-894E-4E4D-9582-8B8E82CF0BCF}.Debug|x64.Build.0 = Debug|x64
		{CB7F1025-894E-4E4D-9582-8B8E82CF0BCF}.Debug|x86.ActiveCfg = Debug|Win32
		{CB7F1025-894E-4E4D-9582-8B8E82CF0BCF}.Debug|x86.Build.0 = Debug|Win32
		{CB7F1025-894E-4E4D-9582-8B8E82CF0BCF}.Release|x64.ActiveCfg = Release|x64
		{CB7F1025-894E-4E4D-9582-8B8E82CF0BCF}.Release|x64.Build.0 = Release|x64
		{CB7F1025-894E-4E4D-9582-8B8E82CF0BCF}.Release|x86.ActiveCfg = Release|Win32
		{CB7F1025-894E-4E4D-9582-8B8E82CF0BCF}.Release|x86.Build.0 = Release|Win32
		{B4933B08-1884-47BD-A7EF-6E28746BDAEC}.Debug|x64.ActiveCfg = Debug|x64
		{B4933B08-1884-47BD-A7EF-6E28746BDAEC}.Debug|x64.Build.0 = Debug|x64
		{B4933B08-1884-47BD-A7EF-6E28746BDAEC}.Debug|x86.ActiveCfg = Debug|Win32
		{B4933B08-1884-47BD-A7EF-6E28746BDAEC}.Debug|x86.Build.0 = Debug|Win32
		{B4933B08-1884-47BD-A7EF-6E28746BDAEC}.Release|x64.ActiveCfg = Release|x64
		{B4933B08-1884-47BD-A7EF-6E28746BDAEC}.Release|x64.Build.0 = Release|x64
		{B4933B08-1884-47BD-A7EF-6E28746BDAEC}.Release|x86.ActiveCfg = Release|Win32
		{B4933B08-1884-47BD-A7EF-6E28746BDAEC}.Release|x86.Build.0 = Release|Win32
		{6CC86B11-A740-4306-AF42-31898F54460F}.Debug|x64.ActiveCfg = Debug|x64
		{6CC86B11-A740-4306-AF42-31898F54460F}.Debug|x64.Build.0 = Debug|x64
		{6CC86B11-A740-4306-AF42-31898F54460F}.Debug|x86.ActiveCfg = Debug|Win32
		{6CC86B11-A740-4306-AF42-31898F54460F}.Debug|x86.Build.0 = Debug|Win32
		{6CC86B11-A740-4306-AF42-31898F54460F}.Release|x64.ActiveCfg = Release|x64
		{6CC86B11-A740-4306-AF42-31898F54460F}.Release|x64.Build.0 = Release|x64
		{6CC86B11-A740-4306-AF42-31898F54460F}.Release|x86.ActiveCfg = Release|Win32
		{6CC86B11-A740-4306-AF42-31898F54460F}.Release|x86.Build.0 = Release|Win32
		{EB11F3F1-A38C-40CE-BBF0-305F07DAB18A}.Debug|x64.ActiveCfg = Debug|x64
		{EB11F3F1-A38C-40CE-BBF0-305F07DAB18A}.Debug|x64.Build.0 = Debug|x64
		{EB11F3F1-A38C-40CE-BBF0-305F07DAB18A}.Debug|x86.ActiveCfg = Debug|Win32
		{EB11F3F1-A38C-40CE-BBF0-305F07DAB18A}.Debug|x86.Build.0 = Debug|Win32
		{EB11F3F1-A38C-40CE-BBF0-305F07DAB18A}.Release|x64.ActiveCfg = Release|x64
		{EB11F3F1-A38C-40CE-BBF0-305F07DAB18A}.Release|x64.Build.0 = Release|x64
		{EB11F3F1-A38C-40CE-BBF0-305F07DAB18A}.Release|x86.ActiveCfg = Release|Win32
		{EB11F3F1-A38C-40CE-BBF0-305F07DAB18A}.Release|x86.Build.0 = Release|Win32
		{6796DA38-A90F-4A1F-A46D-F0707881D400}.Debug|x64.ActiveCfg = Debug|x64
		{6796DA38-A90F-4A1F-A46D-F0707881D400}.Debug|x64.Build.0 = Debug|x64
		{6796DA38-A90F-4A1F-A46D-F0707881D400}.Debug|x86.ActiveCfg = Debug|Win32
		{6796DA38-A90F-4A1F-A46D-F0707881D400}.Debug|x86.Build.0 = Debug|Win32
		{6796DA38-A90F-4A1F-A46D-F0707881D400}.Release|x64.ActiveCfg = Release|x64
		{6796DA38-A90F-4A1F-A46D-F0707881D400}.Release|x64.Build.0 = Release|x64
		{6796DA38-A90F-4A1F-A46D-F0707881D400}.Release|x86.ActiveCfg = Release|Win32
		{6796DA38-A90F-4A1F-A46D-F0707881D400}.Release|x86.Build.0 = Release|Win32
		{38244EDB-2787-4F9B-AEA4-B142F13EB257}.Debug|x64.ActiveCfg = Debug|x64
		{38244EDB-2787-4F9B-AEA4-B142F13EB257}.Debug|x64.Build.0 = Debug|x64
		{38244EDB-2787-4F9B-AEA4-B142F13EB257}.Debug|x86.ActiveCfg = Debug|Win32
		{38244EDB-2787-4F9B-AEA4-B142F13EB257}.Debug|x86.Build.0 = Debug|Win32
		{38244EDB-2787-4F9B-AEA4-B142F13EB257}.Release|x64.ActiveCfg = Release|x64
		{38244EDB-2787-4F9B-AEA4-B142F13EB257}.Release|x64.Build.0 = Release|x64
		{38244EDB-2787-4F9B-AEA4-B142F13EB257}.Release|x86.ActiveCfg = Release|Win32
		{38244EDB-2787-4F9B-AEA4-B142F13EB257}.Release|x86.Build.0 = Release|Win32
		{E7E10C57-2A5C-4CDA-8A53-DDA6A76556E4}.Debug|x64.ActiveCfg = Debug|x64
		{E7E10C57-2A5C-4CDA-8A53-DDA6A76556E4}.Debug|x64.Build.0 = Debug|x64
		{E7E10C57-2A5C-4CDA-8A53-DDA6A76556E4}.Debug|x86.ActiveCfg = Debug|Win32
		{E7E10C57-2A5C-4CDA-8A53-DDA6A76556E4}.Debug|x86.Build.0 = Debug|Win32
		{E7E10C57-2A5C-4CDA-8A53-DDA6A76556E4}.Release|x64.ActiveCfg = Release|x64
		{E7E10C57-2A5C-4CDA-8A53-DDA6A76556E4}.Release|x64.Build.0 = Release|x64
		{E7E10C57-2A5C-4CDA-8A53-DDA6A76556E4}.Release|x86.ActiveCfg = Release|Win32
		{E7E10C57-2A5C-4CDA-8A53-DDA6A76556E4}.Release|x86.Build.0 = Release|Win32
		{B9608D6F-D292-45C7-AA28-B9F3BCB05096}.Debug|x64.ActiveCfg = Debug|x64
		{B9608D6F-D292-45C7-AA28-B9F3BCB05096}.Debug|x64.Build.0 = Debug|x64
		{B9608D6F-D292-45C7-AA28-B9F3BCB05096}.Debug|x86.ActiveCfg = Debug|Win32
		{B9608D6F-D292-45C7-AA28-B9F3BCB05096}.Debug|x86.Build.0 = Debug|Win32
		{B9608D6F-D292-45C7-AA28-B9F3BCB05096}.Release|x64.ActiveCfg = Release|x64
		{B9608D6F-D292-45C7-AA28-B9F3BCB05096}.Release|x64.Build.0 = Release|x64
		{B9608D6F-D292-45C7-AA28-B9F3BCB05096}.Release|x86.ActiveCfg = Release|Win32
		{B9608D6F-D292-45C7-AA28-B9F3BCB05096}.Release|x86.Build.0 = Release|Win32
		{A8516D9D-903E-48BC-9A6B-FB6A0172A889}.Debug|x64.ActiveCfg = Debug|x64
		{A8516D9D-903E-48BC-9A6B-FB6A0172A889}.Debug|x64.Build.0 = Debug|x64
		{A8516D9D-903E-48BC-9A6B-FB6A0172A889}.Debug|x86.ActiveCfg = Debug|Win32
		{A8516D9D-903E-48BC-9A6B-FB6A0172A889}.Debug|x86.Build.0 = Debug|Win32
		{A8516D9D-903E-48BC-9A6B-FB6A0172A889}.Release|x64.ActiveCfg = Release|x64
		{A8516D9D-903E-48BC-9A6B-FB6A0172A889}.Release|x64.Build.0 = Release|x64
		{A8516D9D-903E-48BC-9A6B-FB6A0172A889}.Release|x86.ActiveCfg = Release|Win32
		{A8516D9D-903E-48BC-9A6B-FB6A0172A889}.Release|x86.Build.0 = Release|Win32
	EndGlobalSection
	GlobalSection(SolutionProperties) = preSolution
		HideSolutionNode = FALSE
	EndGlobalSection
	GlobalSection(ExtensibilityGlobals) = postSolution
		SolutionGuid = {3F532DC8-0E51-45B6-A2C0-3BBAF97C0ECF}
	EndGlobalSection
EndGlobal
